// !$*UTF8*$!
{
	archiveVersion = 1;
	classes = {
	};
	objectVersion = 56;
	objects = {

/* Begin PBXBuildFile section */
		3F40FB43290D93C100BA2F83 /* FinancerApp.swift in Sources */ = {isa = PBXBuildFile; fileRef = 3F40FB42290D93C100BA2F83 /* FinancerApp.swift */; };
		3F40FB45290D93C100BA2F83 /* HomeInit.swift in Sources */ = {isa = PBXBuildFile; fileRef = 3F40FB44290D93C100BA2F83 /* HomeInit.swift */; };
		3F40FB47290D93C200BA2F83 /* Assets.xcassets in Resources */ = {isa = PBXBuildFile; fileRef = 3F40FB46290D93C200BA2F83 /* Assets.xcassets */; };
		3F40FB4A290D93C200BA2F83 /* Preview Assets.xcassets in Resources */ = {isa = PBXBuildFile; fileRef = 3F40FB49290D93C200BA2F83 /* Preview Assets.xcassets */; };
		3F40FB55290D93C200BA2F83 /* FinancerTests.swift in Sources */ = {isa = PBXBuildFile; fileRef = 3F40FB54290D93C200BA2F83 /* FinancerTests.swift */; };
		3F40FB5F290D93C200BA2F83 /* FinancerUITests.swift in Sources */ = {isa = PBXBuildFile; fileRef = 3F40FB5E290D93C200BA2F83 /* FinancerUITests.swift */; };
		3F40FB61290D93C200BA2F83 /* FinancerUITestsLaunchTests.swift in Sources */ = {isa = PBXBuildFile; fileRef = 3F40FB60290D93C200BA2F83 /* FinancerUITestsLaunchTests.swift */; };
		842F803F29A623D7002E8BAB /* ListTile.swift in Sources */ = {isa = PBXBuildFile; fileRef = 842F803E29A623D7002E8BAB /* ListTile.swift */; };
		842F804629A625C1002E8BAB /* AddFinance.swift in Sources */ = {isa = PBXBuildFile; fileRef = 842F804529A625C1002E8BAB /* AddFinance.swift */; };
		8430C41929BDC967004E683A /* ErrorView.swift in Sources */ = {isa = PBXBuildFile; fileRef = 8430C41829BDC967004E683A /* ErrorView.swift */; };
		8430C41D29BDCDD7004E683A /* Home.swift in Sources */ = {isa = PBXBuildFile; fileRef = 8430C41C29BDCDD7004E683A /* Home.swift */; };
		845A593329BC838B0063B681 /* WidgetKit.framework in Frameworks */ = {isa = PBXBuildFile; fileRef = 845A593229BC838B0063B681 /* WidgetKit.framework */; };
		845A593529BC838B0063B681 /* SwiftUI.framework in Frameworks */ = {isa = PBXBuildFile; fileRef = 845A593429BC838B0063B681 /* SwiftUI.framework */; };
		845A593829BC838B0063B681 /* Financer_Widget.swift in Sources */ = {isa = PBXBuildFile; fileRef = 845A593729BC838B0063B681 /* Financer_Widget.swift */; };
		845A593B29BC838C0063B681 /* Assets.xcassets in Resources */ = {isa = PBXBuildFile; fileRef = 845A593A29BC838C0063B681 /* Assets.xcassets */; };
		845A593E29BC838C0063B681 /* Financer_Widget.intentdefinition in Sources */ = {isa = PBXBuildFile; fileRef = 845A593929BC838B0063B681 /* Financer_Widget.intentdefinition */; };
		845A593F29BC838C0063B681 /* Financer_Widget.intentdefinition in Sources */ = {isa = PBXBuildFile; fileRef = 845A593929BC838B0063B681 /* Financer_Widget.intentdefinition */; };
		845A594229BC838C0063B681 /* Financer WidgetExtension.appex in Embed Foundation Extensions */ = {isa = PBXBuildFile; fileRef = 845A593029BC838B0063B681 /* Financer WidgetExtension.appex */; settings = {ATTRIBUTES = (RemoveHeadersOnCopy, ); }; };
		84953FCB29ACBF8D008D19D2 /* UserDetails.swift in Sources */ = {isa = PBXBuildFile; fileRef = 84953FCA29ACBF8D008D19D2 /* UserDetails.swift */; };
		84E669DA299F4F7000EA7559 /* SettingsView.swift in Sources */ = {isa = PBXBuildFile; fileRef = 84E669D9299F4F7000EA7559 /* SettingsView.swift */; };
		84E669DC299F8DA300EA7559 /* FinanceDetails.swift in Sources */ = {isa = PBXBuildFile; fileRef = 84E669DB299F8DA300EA7559 /* FinanceDetails.swift */; };
		84E669EC29A247ED00EA7559 /* Persistence.swift in Sources */ = {isa = PBXBuildFile; fileRef = 84E669E029A247ED00EA7559 /* Persistence.swift */; };
		84E669ED29A247ED00EA7559 /* Finance+CoreDataClass.swift in Sources */ = {isa = PBXBuildFile; fileRef = 84E669E329A247ED00EA7559 /* Finance+CoreDataClass.swift */; };
		84E669EE29A247ED00EA7559 /* LegalPerson+CoreDataClass.swift in Sources */ = {isa = PBXBuildFile; fileRef = 84E669E429A247ED00EA7559 /* LegalPerson+CoreDataClass.swift */; };
		84E669EF29A247ED00EA7559 /* User+CoreDataClass.swift in Sources */ = {isa = PBXBuildFile; fileRef = 84E669E529A247ED00EA7559 /* User+CoreDataClass.swift */; };
		84E669F029A247ED00EA7559 /* UserWrapper.swift in Sources */ = {isa = PBXBuildFile; fileRef = 84E669E729A247ED00EA7559 /* UserWrapper.swift */; };
		84E669F129A247ED00EA7559 /* LegalPersonWrapper.swift in Sources */ = {isa = PBXBuildFile; fileRef = 84E669E829A247ED00EA7559 /* LegalPersonWrapper.swift */; };
		84E669F229A247ED00EA7559 /* FinanceWrapper.swift in Sources */ = {isa = PBXBuildFile; fileRef = 84E669E929A247ED00EA7559 /* FinanceWrapper.swift */; };
		84E669F329A247ED00EA7559 /* Financer.xcdatamodeld in Sources */ = {isa = PBXBuildFile; fileRef = 84E669EA29A247ED00EA7559 /* Financer.xcdatamodeld */; };
/* End PBXBuildFile section */

/* Begin PBXContainerItemProxy section */
		3F40FB51290D93C200BA2F83 /* PBXContainerItemProxy */ = {
			isa = PBXContainerItemProxy;
			containerPortal = 3F40FB37290D93C100BA2F83 /* Project object */;
			proxyType = 1;
			remoteGlobalIDString = 3F40FB3E290D93C100BA2F83;
			remoteInfo = Financer;
		};
		3F40FB5B290D93C200BA2F83 /* PBXContainerItemProxy */ = {
			isa = PBXContainerItemProxy;
			containerPortal = 3F40FB37290D93C100BA2F83 /* Project object */;
			proxyType = 1;
			remoteGlobalIDString = 3F40FB3E290D93C100BA2F83;
			remoteInfo = Financer;
		};
		845A594029BC838C0063B681 /* PBXContainerItemProxy */ = {
			isa = PBXContainerItemProxy;
			containerPortal = 3F40FB37290D93C100BA2F83 /* Project object */;
			proxyType = 1;
			remoteGlobalIDString = 845A592F29BC838B0063B681;
			remoteInfo = "Financer WidgetExtension";
		};
/* End PBXContainerItemProxy section */

/* Begin PBXCopyFilesBuildPhase section */
		845A594329BC838C0063B681 /* Embed Foundation Extensions */ = {
			isa = PBXCopyFilesBuildPhase;
			buildActionMask = 2147483647;
			dstPath = "";
			dstSubfolderSpec = 13;
			files = (
				845A594229BC838C0063B681 /* Financer WidgetExtension.appex in Embed Foundation Extensions */,
			);
			name = "Embed Foundation Extensions";
			runOnlyForDeploymentPostprocessing = 0;
		};
/* End PBXCopyFilesBuildPhase section */

/* Begin PBXFileReference section */
		3F40FB3F290D93C100BA2F83 /* Financer.app */ = {isa = PBXFileReference; explicitFileType = wrapper.application; includeInIndex = 0; path = Financer.app; sourceTree = BUILT_PRODUCTS_DIR; };
		3F40FB42290D93C100BA2F83 /* FinancerApp.swift */ = {isa = PBXFileReference; lastKnownFileType = sourcecode.swift; path = FinancerApp.swift; sourceTree = "<group>"; };
		3F40FB44290D93C100BA2F83 /* HomeInit.swift */ = {isa = PBXFileReference; lastKnownFileType = sourcecode.swift; path = HomeInit.swift; sourceTree = "<group>"; };
		3F40FB46290D93C200BA2F83 /* Assets.xcassets */ = {isa = PBXFileReference; lastKnownFileType = folder.assetcatalog; path = Assets.xcassets; sourceTree = "<group>"; };
		3F40FB49290D93C200BA2F83 /* Preview Assets.xcassets */ = {isa = PBXFileReference; lastKnownFileType = folder.assetcatalog; path = "Preview Assets.xcassets"; sourceTree = "<group>"; };
		3F40FB4B290D93C200BA2F83 /* Financer.entitlements */ = {isa = PBXFileReference; lastKnownFileType = text.plist.entitlements; path = Financer.entitlements; sourceTree = "<group>"; };
		3F40FB50290D93C200BA2F83 /* FinancerTests.xctest */ = {isa = PBXFileReference; explicitFileType = wrapper.cfbundle; includeInIndex = 0; path = FinancerTests.xctest; sourceTree = BUILT_PRODUCTS_DIR; };
		3F40FB54290D93C200BA2F83 /* FinancerTests.swift */ = {isa = PBXFileReference; lastKnownFileType = sourcecode.swift; path = FinancerTests.swift; sourceTree = "<group>"; };
		3F40FB5A290D93C200BA2F83 /* FinancerUITests.xctest */ = {isa = PBXFileReference; explicitFileType = wrapper.cfbundle; includeInIndex = 0; path = FinancerUITests.xctest; sourceTree = BUILT_PRODUCTS_DIR; };
		3F40FB5E290D93C200BA2F83 /* FinancerUITests.swift */ = {isa = PBXFileReference; lastKnownFileType = sourcecode.swift; path = FinancerUITests.swift; sourceTree = "<group>"; };
		3F40FB60290D93C200BA2F83 /* FinancerUITestsLaunchTests.swift */ = {isa = PBXFileReference; lastKnownFileType = sourcecode.swift; path = FinancerUITestsLaunchTests.swift; sourceTree = "<group>"; };
		842F803E29A623D7002E8BAB /* ListTile.swift */ = {isa = PBXFileReference; fileEncoding = 4; lastKnownFileType = sourcecode.swift; path = ListTile.swift; sourceTree = "<group>"; };
		842F804529A625C1002E8BAB /* AddFinance.swift */ = {isa = PBXFileReference; lastKnownFileType = sourcecode.swift; path = AddFinance.swift; sourceTree = "<group>"; };
		8430C41829BDC967004E683A /* ErrorView.swift */ = {isa = PBXFileReference; lastKnownFileType = sourcecode.swift; path = ErrorView.swift; sourceTree = "<group>"; };
		8430C41C29BDCDD7004E683A /* Home.swift */ = {isa = PBXFileReference; lastKnownFileType = sourcecode.swift; path = Home.swift; sourceTree = "<group>"; };
		845A593029BC838B0063B681 /* Financer WidgetExtension.appex */ = {isa = PBXFileReference; explicitFileType = "wrapper.app-extension"; includeInIndex = 0; path = "Financer WidgetExtension.appex"; sourceTree = BUILT_PRODUCTS_DIR; };
		845A593229BC838B0063B681 /* WidgetKit.framework */ = {isa = PBXFileReference; lastKnownFileType = wrapper.framework; name = WidgetKit.framework; path = System/Library/Frameworks/WidgetKit.framework; sourceTree = SDKROOT; };
		845A593429BC838B0063B681 /* SwiftUI.framework */ = {isa = PBXFileReference; lastKnownFileType = wrapper.framework; name = SwiftUI.framework; path = System/Library/Frameworks/SwiftUI.framework; sourceTree = SDKROOT; };
		845A593729BC838B0063B681 /* Financer_Widget.swift */ = {isa = PBXFileReference; lastKnownFileType = sourcecode.swift; path = Financer_Widget.swift; sourceTree = "<group>"; };
		845A593929BC838B0063B681 /* Financer_Widget.intentdefinition */ = {isa = PBXFileReference; lastKnownFileType = file.intentdefinition; path = Financer_Widget.intentdefinition; sourceTree = "<group>"; };
		845A593A29BC838C0063B681 /* Assets.xcassets */ = {isa = PBXFileReference; lastKnownFileType = folder.assetcatalog; path = Assets.xcassets; sourceTree = "<group>"; };
		845A593C29BC838C0063B681 /* Info.plist */ = {isa = PBXFileReference; lastKnownFileType = text.plist.xml; path = Info.plist; sourceTree = "<group>"; };
		845A593D29BC838C0063B681 /* Financer_Widget.entitlements */ = {isa = PBXFileReference; lastKnownFileType = text.plist.entitlements; path = Financer_Widget.entitlements; sourceTree = "<group>"; };
		84953FCA29ACBF8D008D19D2 /* UserDetails.swift */ = {isa = PBXFileReference; lastKnownFileType = sourcecode.swift; path = UserDetails.swift; sourceTree = "<group>"; };
		84E669D9299F4F7000EA7559 /* SettingsView.swift */ = {isa = PBXFileReference; lastKnownFileType = sourcecode.swift; path = SettingsView.swift; sourceTree = "<group>"; };
		84E669DB299F8DA300EA7559 /* FinanceDetails.swift */ = {isa = PBXFileReference; lastKnownFileType = sourcecode.swift; path = FinanceDetails.swift; sourceTree = "<group>"; };
		84E669E029A247ED00EA7559 /* Persistence.swift */ = {isa = PBXFileReference; fileEncoding = 4; lastKnownFileType = sourcecode.swift; path = Persistence.swift; sourceTree = "<group>"; };
		84E669E329A247ED00EA7559 /* Finance+CoreDataClass.swift */ = {isa = PBXFileReference; fileEncoding = 4; lastKnownFileType = sourcecode.swift; path = "Finance+CoreDataClass.swift"; sourceTree = "<group>"; };
		84E669E429A247ED00EA7559 /* LegalPerson+CoreDataClass.swift */ = {isa = PBXFileReference; fileEncoding = 4; lastKnownFileType = sourcecode.swift; path = "LegalPerson+CoreDataClass.swift"; sourceTree = "<group>"; };
		84E669E529A247ED00EA7559 /* User+CoreDataClass.swift */ = {isa = PBXFileReference; fileEncoding = 4; lastKnownFileType = sourcecode.swift; path = "User+CoreDataClass.swift"; sourceTree = "<group>"; };
		84E669E729A247ED00EA7559 /* UserWrapper.swift */ = {isa = PBXFileReference; fileEncoding = 4; lastKnownFileType = sourcecode.swift; path = UserWrapper.swift; sourceTree = "<group>"; };
		84E669E829A247ED00EA7559 /* LegalPersonWrapper.swift */ = {isa = PBXFileReference; fileEncoding = 4; lastKnownFileType = sourcecode.swift; path = LegalPersonWrapper.swift; sourceTree = "<group>"; };
		84E669E929A247ED00EA7559 /* FinanceWrapper.swift */ = {isa = PBXFileReference; fileEncoding = 4; lastKnownFileType = sourcecode.swift; path = FinanceWrapper.swift; sourceTree = "<group>"; };
		84E669EB29A247ED00EA7559 /* Financer.xcdatamodel */ = {isa = PBXFileReference; lastKnownFileType = wrapper.xcdatamodel; path = Financer.xcdatamodel; sourceTree = "<group>"; };
/* End PBXFileReference section */

/* Begin PBXFrameworksBuildPhase section */
		3F40FB3C290D93C100BA2F83 /* Frameworks */ = {
			isa = PBXFrameworksBuildPhase;
			buildActionMask = 2147483647;
			files = (
			);
			runOnlyForDeploymentPostprocessing = 0;
		};
		3F40FB4D290D93C200BA2F83 /* Frameworks */ = {
			isa = PBXFrameworksBuildPhase;
			buildActionMask = 2147483647;
			files = (
			);
			runOnlyForDeploymentPostprocessing = 0;
		};
		3F40FB57290D93C200BA2F83 /* Frameworks */ = {
			isa = PBXFrameworksBuildPhase;
			buildActionMask = 2147483647;
			files = (
			);
			runOnlyForDeploymentPostprocessing = 0;
		};
		845A592D29BC838B0063B681 /* Frameworks */ = {
			isa = PBXFrameworksBuildPhase;
			buildActionMask = 2147483647;
			files = (
				845A593529BC838B0063B681 /* SwiftUI.framework in Frameworks */,
				845A593329BC838B0063B681 /* WidgetKit.framework in Frameworks */,
			);
			runOnlyForDeploymentPostprocessing = 0;
		};
/* End PBXFrameworksBuildPhase section */

/* Begin PBXGroup section */
		3F40FB36290D93C100BA2F83 = {
			isa = PBXGroup;
			children = (
				3F40FB41290D93C100BA2F83 /* Financer */,
				3F40FB53290D93C200BA2F83 /* FinancerTests */,
				3F40FB5D290D93C200BA2F83 /* FinancerUITests */,
				845A593629BC838B0063B681 /* Financer Widget */,
				845A593129BC838B0063B681 /* Frameworks */,
				3F40FB40290D93C100BA2F83 /* Products */,
			);
			sourceTree = "<group>";
		};
		3F40FB40290D93C100BA2F83 /* Products */ = {
			isa = PBXGroup;
			children = (
				3F40FB3F290D93C100BA2F83 /* Financer.app */,
				3F40FB50290D93C200BA2F83 /* FinancerTests.xctest */,
				3F40FB5A290D93C200BA2F83 /* FinancerUITests.xctest */,
				845A593029BC838B0063B681 /* Financer WidgetExtension.appex */,
			);
			name = Products;
			sourceTree = "<group>";
		};
		3F40FB41290D93C100BA2F83 /* Financer */ = {
			isa = PBXGroup;
			children = (
				84E669DE29A247D100EA7559 /* Shared */,
				84A114A6299A72340077C1E8 /* Views */,
				3F40FB4B290D93C200BA2F83 /* Financer.entitlements */,
				3F40FB46290D93C200BA2F83 /* Assets.xcassets */,
				3F40FB48290D93C200BA2F83 /* Preview Content */,
			);
			path = Financer;
			sourceTree = "<group>";
		};
		3F40FB48290D93C200BA2F83 /* Preview Content */ = {
			isa = PBXGroup;
			children = (
				3F40FB49290D93C200BA2F83 /* Preview Assets.xcassets */,
			);
			path = "Preview Content";
			sourceTree = "<group>";
		};
		3F40FB53290D93C200BA2F83 /* FinancerTests */ = {
			isa = PBXGroup;
			children = (
				3F40FB54290D93C200BA2F83 /* FinancerTests.swift */,
			);
			path = FinancerTests;
			sourceTree = "<group>";
		};
		3F40FB5D290D93C200BA2F83 /* FinancerUITests */ = {
			isa = PBXGroup;
			children = (
				3F40FB5E290D93C200BA2F83 /* FinancerUITests.swift */,
				3F40FB60290D93C200BA2F83 /* FinancerUITestsLaunchTests.swift */,
			);
			path = FinancerUITests;
			sourceTree = "<group>";
		};
		842F803C29A623D7002E8BAB /* Views */ = {
			isa = PBXGroup;
			children = (
				842F803D29A623D7002E8BAB /* Components */,
			);
			name = Views;
			path = ../../../shared/Views;
			sourceTree = "<group>";
		};
		842F803D29A623D7002E8BAB /* Components */ = {
			isa = PBXGroup;
			children = (
				842F803E29A623D7002E8BAB /* ListTile.swift */,
			);
			path = Components;
			sourceTree = "<group>";
		};
		842F804429A625B5002E8BAB /* Finance */ = {
			isa = PBXGroup;
			children = (
				84E669DB299F8DA300EA7559 /* FinanceDetails.swift */,
				842F804529A625C1002E8BAB /* AddFinance.swift */,
			);
			path = Finance;
			sourceTree = "<group>";
		};
		8430C41B29BDCDCA004E683A /* Home */ = {
			isa = PBXGroup;
			children = (
				3F40FB44290D93C100BA2F83 /* HomeInit.swift */,
				8430C41C29BDCDD7004E683A /* Home.swift */,
			);
			path = Home;
			sourceTree = "<group>";
		};
		845A593129BC838B0063B681 /* Frameworks */ = {
			isa = PBXGroup;
			children = (
				845A593229BC838B0063B681 /* WidgetKit.framework */,
				845A593429BC838B0063B681 /* SwiftUI.framework */,
			);
			name = Frameworks;
			sourceTree = "<group>";
		};
		845A593629BC838B0063B681 /* Financer Widget */ = {
			isa = PBXGroup;
			children = (
				845A593729BC838B0063B681 /* Financer_Widget.swift */,
				845A593929BC838B0063B681 /* Financer_Widget.intentdefinition */,
				845A593A29BC838C0063B681 /* Assets.xcassets */,
				845A593C29BC838C0063B681 /* Info.plist */,
				845A593D29BC838C0063B681 /* Financer_Widget.entitlements */,
			);
			path = "Financer Widget";
			sourceTree = "<group>";
		};
		84953FC929ACBF88008D19D2 /* User */ = {
			isa = PBXGroup;
			children = (
				84953FCA29ACBF8D008D19D2 /* UserDetails.swift */,
			);
			path = User;
			sourceTree = "<group>";
		};
		84A114A6299A72340077C1E8 /* Views */ = {
			isa = PBXGroup;
			children = (
				8430C41B29BDCDCA004E683A /* Home */,
				3F40FB42290D93C100BA2F83 /* FinancerApp.swift */,
				84953FC929ACBF88008D19D2 /* User */,
				842F804429A625B5002E8BAB /* Finance */,
				84E669D9299F4F7000EA7559 /* SettingsView.swift */,
				8430C41829BDC967004E683A /* ErrorView.swift */,
			);
			path = Views;
			sourceTree = "<group>";
		};
		84E669DE29A247D100EA7559 /* Shared */ = {
			isa = PBXGroup;
			children = (
				842F803C29A623D7002E8BAB /* Views */,
				84E669E129A247ED00EA7559 /* Models */,
				84E669DF29A247ED00EA7559 /* Storage */,
			);
			name = Shared;
			sourceTree = "<group>";
		};
		84E669DF29A247ED00EA7559 /* Storage */ = {
			isa = PBXGroup;
			children = (
				84E669E029A247ED00EA7559 /* Persistence.swift */,
			);
			name = Storage;
			path = ../../../shared/Storage;
			sourceTree = "<group>";
		};
		84E669E129A247ED00EA7559 /* Models */ = {
			isa = PBXGroup;
			children = (
				84E669E229A247ED00EA7559 /* Generated */,
				84E669E629A247ED00EA7559 /* Wrappers */,
				84E669EA29A247ED00EA7559 /* Financer.xcdatamodeld */,
			);
			name = Models;
			path = ../../../shared/Models;
			sourceTree = "<group>";
		};
		84E669E229A247ED00EA7559 /* Generated */ = {
			isa = PBXGroup;
			children = (
				84E669E329A247ED00EA7559 /* Finance+CoreDataClass.swift */,
				84E669E429A247ED00EA7559 /* LegalPerson+CoreDataClass.swift */,
				84E669E529A247ED00EA7559 /* User+CoreDataClass.swift */,
			);
			path = Generated;
			sourceTree = "<group>";
		};
		84E669E629A247ED00EA7559 /* Wrappers */ = {
			isa = PBXGroup;
			children = (
				84E669E729A247ED00EA7559 /* UserWrapper.swift */,
				84E669E829A247ED00EA7559 /* LegalPersonWrapper.swift */,
				84E669E929A247ED00EA7559 /* FinanceWrapper.swift */,
			);
			path = Wrappers;
			sourceTree = "<group>";
		};
/* End PBXGroup section */

/* Begin PBXNativeTarget section */
		3F40FB3E290D93C100BA2F83 /* Financer */ = {
			isa = PBXNativeTarget;
			buildConfigurationList = 3F40FB64290D93C200BA2F83 /* Build configuration list for PBXNativeTarget "Financer" */;
			buildPhases = (
				3F40FB3B290D93C100BA2F83 /* Sources */,
				3F40FB3C290D93C100BA2F83 /* Frameworks */,
				3F40FB3D290D93C100BA2F83 /* Resources */,
				845A594329BC838C0063B681 /* Embed Foundation Extensions */,
			);
			buildRules = (
			);
			dependencies = (
				845A594129BC838C0063B681 /* PBXTargetDependency */,
			);
			name = Financer;
			productName = Financer;
			productReference = 3F40FB3F290D93C100BA2F83 /* Financer.app */;
			productType = "com.apple.product-type.application";
		};
		3F40FB4F290D93C200BA2F83 /* FinancerTests */ = {
			isa = PBXNativeTarget;
			buildConfigurationList = 3F40FB67290D93C200BA2F83 /* Build configuration list for PBXNativeTarget "FinancerTests" */;
			buildPhases = (
				3F40FB4C290D93C200BA2F83 /* Sources */,
				3F40FB4D290D93C200BA2F83 /* Frameworks */,
				3F40FB4E290D93C200BA2F83 /* Resources */,
			);
			buildRules = (
			);
			dependencies = (
				3F40FB52290D93C200BA2F83 /* PBXTargetDependency */,
			);
			name = FinancerTests;
			productName = FinancerTests;
			productReference = 3F40FB50290D93C200BA2F83 /* FinancerTests.xctest */;
			productType = "com.apple.product-type.bundle.unit-test";
		};
		3F40FB59290D93C200BA2F83 /* FinancerUITests */ = {
			isa = PBXNativeTarget;
			buildConfigurationList = 3F40FB6A290D93C200BA2F83 /* Build configuration list for PBXNativeTarget "FinancerUITests" */;
			buildPhases = (
				3F40FB56290D93C200BA2F83 /* Sources */,
				3F40FB57290D93C200BA2F83 /* Frameworks */,
				3F40FB58290D93C200BA2F83 /* Resources */,
			);
			buildRules = (
			);
			dependencies = (
				3F40FB5C290D93C200BA2F83 /* PBXTargetDependency */,
			);
			name = FinancerUITests;
			productName = FinancerUITests;
			productReference = 3F40FB5A290D93C200BA2F83 /* FinancerUITests.xctest */;
			productType = "com.apple.product-type.bundle.ui-testing";
		};
		845A592F29BC838B0063B681 /* Financer WidgetExtension */ = {
			isa = PBXNativeTarget;
			buildConfigurationList = 845A594629BC838C0063B681 /* Build configuration list for PBXNativeTarget "Financer WidgetExtension" */;
			buildPhases = (
				845A592C29BC838B0063B681 /* Sources */,
				845A592D29BC838B0063B681 /* Frameworks */,
				845A592E29BC838B0063B681 /* Resources */,
			);
			buildRules = (
			);
			dependencies = (
			);
			name = "Financer WidgetExtension";
			productName = "Financer WidgetExtension";
			productReference = 845A593029BC838B0063B681 /* Financer WidgetExtension.appex */;
			productType = "com.apple.product-type.app-extension";
		};
/* End PBXNativeTarget section */

/* Begin PBXProject section */
		3F40FB37290D93C100BA2F83 /* Project object */ = {
			isa = PBXProject;
			attributes = {
				BuildIndependentTargetsInParallel = 1;
				LastSwiftUpdateCheck = 1420;
				LastUpgradeCheck = 1420;
				TargetAttributes = {
					3F40FB3E290D93C100BA2F83 = {
						CreatedOnToolsVersion = 14.0.1;
					};
					3F40FB4F290D93C200BA2F83 = {
						CreatedOnToolsVersion = 14.0.1;
						TestTargetID = 3F40FB3E290D93C100BA2F83;
					};
					3F40FB59290D93C200BA2F83 = {
						CreatedOnToolsVersion = 14.0.1;
						TestTargetID = 3F40FB3E290D93C100BA2F83;
					};
					845A592F29BC838B0063B681 = {
						CreatedOnToolsVersion = 14.2;
					};
				};
			};
			buildConfigurationList = 3F40FB3A290D93C100BA2F83 /* Build configuration list for PBXProject "Financer" */;
			compatibilityVersion = "Xcode 14.0";
			developmentRegion = en;
			hasScannedForEncodings = 0;
			knownRegions = (
				en,
				Base,
			);
			mainGroup = 3F40FB36290D93C100BA2F83;
			productRefGroup = 3F40FB40290D93C100BA2F83 /* Products */;
			projectDirPath = "";
			projectRoot = "";
			targets = (
				3F40FB3E290D93C100BA2F83 /* Financer */,
				3F40FB4F290D93C200BA2F83 /* FinancerTests */,
				3F40FB59290D93C200BA2F83 /* FinancerUITests */,
				845A592F29BC838B0063B681 /* Financer WidgetExtension */,
			);
		};
/* End PBXProject section */

/* Begin PBXResourcesBuildPhase section */
		3F40FB3D290D93C100BA2F83 /* Resources */ = {
			isa = PBXResourcesBuildPhase;
			buildActionMask = 2147483647;
			files = (
				3F40FB4A290D93C200BA2F83 /* Preview Assets.xcassets in Resources */,
				3F40FB47290D93C200BA2F83 /* Assets.xcassets in Resources */,
			);
			runOnlyForDeploymentPostprocessing = 0;
		};
		3F40FB4E290D93C200BA2F83 /* Resources */ = {
			isa = PBXResourcesBuildPhase;
			buildActionMask = 2147483647;
			files = (
			);
			runOnlyForDeploymentPostprocessing = 0;
		};
		3F40FB58290D93C200BA2F83 /* Resources */ = {
			isa = PBXResourcesBuildPhase;
			buildActionMask = 2147483647;
			files = (
			);
			runOnlyForDeploymentPostprocessing = 0;
		};
		845A592E29BC838B0063B681 /* Resources */ = {
			isa = PBXResourcesBuildPhase;
			buildActionMask = 2147483647;
			files = (
				845A593B29BC838C0063B681 /* Assets.xcassets in Resources */,
			);
			runOnlyForDeploymentPostprocessing = 0;
		};
/* End PBXResourcesBuildPhase section */

/* Begin PBXSourcesBuildPhase section */
		3F40FB3B290D93C100BA2F83 /* Sources */ = {
			isa = PBXSourcesBuildPhase;
			buildActionMask = 2147483647;
			files = (
				84E669F129A247ED00EA7559 /* LegalPersonWrapper.swift in Sources */,
				84E669ED29A247ED00EA7559 /* Finance+CoreDataClass.swift in Sources */,
				84E669F029A247ED00EA7559 /* UserWrapper.swift in Sources */,
				84E669F229A247ED00EA7559 /* FinanceWrapper.swift in Sources */,
				8430C41D29BDCDD7004E683A /* Home.swift in Sources */,
				8430C41929BDC967004E683A /* ErrorView.swift in Sources */,
				845A593F29BC838C0063B681 /* Financer_Widget.intentdefinition in Sources */,
				3F40FB45290D93C100BA2F83 /* HomeInit.swift in Sources */,
				3F40FB43290D93C100BA2F83 /* FinancerApp.swift in Sources */,
				84E669DC299F8DA300EA7559 /* FinanceDetails.swift in Sources */,
				84E669F329A247ED00EA7559 /* Financer.xcdatamodeld in Sources */,
				842F804629A625C1002E8BAB /* AddFinance.swift in Sources */,
				84E669DA299F4F7000EA7559 /* SettingsView.swift in Sources */,
				84E669EC29A247ED00EA7559 /* Persistence.swift in Sources */,
				84E669EF29A247ED00EA7559 /* User+CoreDataClass.swift in Sources */,
				84E669EE29A247ED00EA7559 /* LegalPerson+CoreDataClass.swift in Sources */,
				842F803F29A623D7002E8BAB /* ListTile.swift in Sources */,
				84953FCB29ACBF8D008D19D2 /* UserDetails.swift in Sources */,
			);
			runOnlyForDeploymentPostprocessing = 0;
		};
		3F40FB4C290D93C200BA2F83 /* Sources */ = {
			isa = PBXSourcesBuildPhase;
			buildActionMask = 2147483647;
			files = (
				3F40FB55290D93C200BA2F83 /* FinancerTests.swift in Sources */,
			);
			runOnlyForDeploymentPostprocessing = 0;
		};
		3F40FB56290D93C200BA2F83 /* Sources */ = {
			isa = PBXSourcesBuildPhase;
			buildActionMask = 2147483647;
			files = (
				3F40FB61290D93C200BA2F83 /* FinancerUITestsLaunchTests.swift in Sources */,
				3F40FB5F290D93C200BA2F83 /* FinancerUITests.swift in Sources */,
			);
			runOnlyForDeploymentPostprocessing = 0;
		};
		845A592C29BC838B0063B681 /* Sources */ = {
			isa = PBXSourcesBuildPhase;
			buildActionMask = 2147483647;
			files = (
				845A593E29BC838C0063B681 /* Financer_Widget.intentdefinition in Sources */,
				845A593829BC838B0063B681 /* Financer_Widget.swift in Sources */,
			);
			runOnlyForDeploymentPostprocessing = 0;
		};
/* End PBXSourcesBuildPhase section */

/* Begin PBXTargetDependency section */
		3F40FB52290D93C200BA2F83 /* PBXTargetDependency */ = {
			isa = PBXTargetDependency;
			target = 3F40FB3E290D93C100BA2F83 /* Financer */;
			targetProxy = 3F40FB51290D93C200BA2F83 /* PBXContainerItemProxy */;
		};
		3F40FB5C290D93C200BA2F83 /* PBXTargetDependency */ = {
			isa = PBXTargetDependency;
			target = 3F40FB3E290D93C100BA2F83 /* Financer */;
			targetProxy = 3F40FB5B290D93C200BA2F83 /* PBXContainerItemProxy */;
		};
		845A594129BC838C0063B681 /* PBXTargetDependency */ = {
			isa = PBXTargetDependency;
			target = 845A592F29BC838B0063B681 /* Financer WidgetExtension */;
			targetProxy = 845A594029BC838C0063B681 /* PBXContainerItemProxy */;
		};
/* End PBXTargetDependency section */

/* Begin XCBuildConfiguration section */
		3F40FB62290D93C200BA2F83 /* Debug */ = {
			isa = XCBuildConfiguration;
			buildSettings = {
				ALWAYS_SEARCH_USER_PATHS = NO;
				CLANG_ANALYZER_NONNULL = YES;
				CLANG_ANALYZER_NUMBER_OBJECT_CONVERSION = YES_AGGRESSIVE;
				CLANG_CXX_LANGUAGE_STANDARD = "gnu++20";
				CLANG_ENABLE_MODULES = YES;
				CLANG_ENABLE_OBJC_ARC = YES;
				CLANG_ENABLE_OBJC_WEAK = YES;
				CLANG_WARN_BLOCK_CAPTURE_AUTORELEASING = YES;
				CLANG_WARN_BOOL_CONVERSION = YES;
				CLANG_WARN_COMMA = YES;
				CLANG_WARN_CONSTANT_CONVERSION = YES;
				CLANG_WARN_DEPRECATED_OBJC_IMPLEMENTATIONS = YES;
				CLANG_WARN_DIRECT_OBJC_ISA_USAGE = YES_ERROR;
				CLANG_WARN_DOCUMENTATION_COMMENTS = YES;
				CLANG_WARN_EMPTY_BODY = YES;
				CLANG_WARN_ENUM_CONVERSION = YES;
				CLANG_WARN_INFINITE_RECURSION = YES;
				CLANG_WARN_INT_CONVERSION = YES;
				CLANG_WARN_NON_LITERAL_NULL_CONVERSION = YES;
				CLANG_WARN_OBJC_IMPLICIT_RETAIN_SELF = YES;
				CLANG_WARN_OBJC_LITERAL_CONVERSION = YES;
				CLANG_WARN_OBJC_ROOT_CLASS = YES_ERROR;
				CLANG_WARN_QUOTED_INCLUDE_IN_FRAMEWORK_HEADER = YES;
				CLANG_WARN_RANGE_LOOP_ANALYSIS = YES;
				CLANG_WARN_STRICT_PROTOTYPES = YES;
				CLANG_WARN_SUSPICIOUS_MOVE = YES;
				CLANG_WARN_UNGUARDED_AVAILABILITY = YES_AGGRESSIVE;
				CLANG_WARN_UNREACHABLE_CODE = YES;
				CLANG_WARN__DUPLICATE_METHOD_MATCH = YES;
				COPY_PHASE_STRIP = NO;
				DEAD_CODE_STRIPPING = YES;
				DEBUG_INFORMATION_FORMAT = dwarf;
				ENABLE_STRICT_OBJC_MSGSEND = YES;
				ENABLE_TESTABILITY = YES;
				GCC_C_LANGUAGE_STANDARD = gnu11;
				GCC_DYNAMIC_NO_PIC = NO;
				GCC_NO_COMMON_BLOCKS = YES;
				GCC_OPTIMIZATION_LEVEL = 0;
				GCC_PREPROCESSOR_DEFINITIONS = (
					"DEBUG=1",
					"$(inherited)",
				);
				GCC_WARN_64_TO_32_BIT_CONVERSION = YES;
				GCC_WARN_ABOUT_RETURN_TYPE = YES_ERROR;
				GCC_WARN_UNDECLARED_SELECTOR = YES;
				GCC_WARN_UNINITIALIZED_AUTOS = YES_AGGRESSIVE;
				GCC_WARN_UNUSED_FUNCTION = YES;
				GCC_WARN_UNUSED_VARIABLE = YES;
				MACOSX_DEPLOYMENT_TARGET = 13.3;
				MTL_ENABLE_DEBUG_INFO = INCLUDE_SOURCE;
				MTL_FAST_MATH = YES;
				ONLY_ACTIVE_ARCH = YES;
				SDKROOT = macosx;
				SWIFT_ACTIVE_COMPILATION_CONDITIONS = DEBUG;
				SWIFT_OPTIMIZATION_LEVEL = "-Onone";
			};
			name = Debug;
		};
		3F40FB63290D93C200BA2F83 /* Release */ = {
			isa = XCBuildConfiguration;
			buildSettings = {
				ALWAYS_SEARCH_USER_PATHS = NO;
				CLANG_ANALYZER_NONNULL = YES;
				CLANG_ANALYZER_NUMBER_OBJECT_CONVERSION = YES_AGGRESSIVE;
				CLANG_CXX_LANGUAGE_STANDARD = "gnu++20";
				CLANG_ENABLE_MODULES = YES;
				CLANG_ENABLE_OBJC_ARC = YES;
				CLANG_ENABLE_OBJC_WEAK = YES;
				CLANG_WARN_BLOCK_CAPTURE_AUTORELEASING = YES;
				CLANG_WARN_BOOL_CONVERSION = YES;
				CLANG_WARN_COMMA = YES;
				CLANG_WARN_CONSTANT_CONVERSION = YES;
				CLANG_WARN_DEPRECATED_OBJC_IMPLEMENTATIONS = YES;
				CLANG_WARN_DIRECT_OBJC_ISA_USAGE = YES_ERROR;
				CLANG_WARN_DOCUMENTATION_COMMENTS = YES;
				CLANG_WARN_EMPTY_BODY = YES;
				CLANG_WARN_ENUM_CONVERSION = YES;
				CLANG_WARN_INFINITE_RECURSION = YES;
				CLANG_WARN_INT_CONVERSION = YES;
				CLANG_WARN_NON_LITERAL_NULL_CONVERSION = YES;
				CLANG_WARN_OBJC_IMPLICIT_RETAIN_SELF = YES;
				CLANG_WARN_OBJC_LITERAL_CONVERSION = YES;
				CLANG_WARN_OBJC_ROOT_CLASS = YES_ERROR;
				CLANG_WARN_QUOTED_INCLUDE_IN_FRAMEWORK_HEADER = YES;
				CLANG_WARN_RANGE_LOOP_ANALYSIS = YES;
				CLANG_WARN_STRICT_PROTOTYPES = YES;
				CLANG_WARN_SUSPICIOUS_MOVE = YES;
				CLANG_WARN_UNGUARDED_AVAILABILITY = YES_AGGRESSIVE;
				CLANG_WARN_UNREACHABLE_CODE = YES;
				CLANG_WARN__DUPLICATE_METHOD_MATCH = YES;
				COPY_PHASE_STRIP = NO;
				DEAD_CODE_STRIPPING = YES;
				DEBUG_INFORMATION_FORMAT = "dwarf-with-dsym";
				ENABLE_NS_ASSERTIONS = NO;
				ENABLE_STRICT_OBJC_MSGSEND = YES;
				GCC_C_LANGUAGE_STANDARD = gnu11;
				GCC_NO_COMMON_BLOCKS = YES;
				GCC_WARN_64_TO_32_BIT_CONVERSION = YES;
				GCC_WARN_ABOUT_RETURN_TYPE = YES_ERROR;
				GCC_WARN_UNDECLARED_SELECTOR = YES;
				GCC_WARN_UNINITIALIZED_AUTOS = YES_AGGRESSIVE;
				GCC_WARN_UNUSED_FUNCTION = YES;
				GCC_WARN_UNUSED_VARIABLE = YES;
				MACOSX_DEPLOYMENT_TARGET = 13.3;
				MTL_ENABLE_DEBUG_INFO = NO;
				MTL_FAST_MATH = YES;
				SDKROOT = macosx;
				SWIFT_COMPILATION_MODE = wholemodule;
				SWIFT_OPTIMIZATION_LEVEL = "-O";
			};
			name = Release;
		};
		3F40FB65290D93C200BA2F83 /* Debug */ = {
			isa = XCBuildConfiguration;
			buildSettings = {
				ALWAYS_EMBED_SWIFT_STANDARD_LIBRARIES = YES;
				ASSETCATALOG_COMPILER_APPICON_NAME = AppIcon;
				ASSETCATALOG_COMPILER_GLOBAL_ACCENT_COLOR_NAME = AccentColor;
				ASSETCATALOG_COMPILER_INCLUDE_ALL_APPICON_ASSETS = NO;
				CODE_SIGN_ENTITLEMENTS = Financer/Financer.entitlements;
				CODE_SIGN_IDENTITY = "-";
				CODE_SIGN_STYLE = Automatic;
				COMBINE_HIDPI_IMAGES = YES;
				CURRENT_PROJECT_VERSION = 1;
				DEAD_CODE_STRIPPING = YES;
				DEVELOPMENT_ASSET_PATHS = "\"Financer/Preview Content\"";
				DEVELOPMENT_TEAM = Q87UDX5898;
				ENABLE_HARDENED_RUNTIME = YES;
				ENABLE_PREVIEWS = YES;
				GENERATE_INFOPLIST_FILE = YES;
				INFOPLIST_KEY_CFBundleDisplayName = Financer;
				INFOPLIST_KEY_LSApplicationCategoryType = "public.app-category.finance";
				INFOPLIST_KEY_NSHumanReadableCopyright = "";
				LD_RUNPATH_SEARCH_PATHS = (
					"$(inherited)",
					"@executable_path/../Frameworks",
				);
				MACOSX_DEPLOYMENT_TARGET = 13.3;
				MARKETING_VERSION = 1.0;
				PRODUCT_BUNDLE_IDENTIFIER = com.jules.Financer;
				PRODUCT_NAME = "$(TARGET_NAME)";
				SWIFT_EMIT_LOC_STRINGS = YES;
				SWIFT_VERSION = 5.0;
			};
			name = Debug;
		};
		3F40FB66290D93C200BA2F83 /* Release */ = {
			isa = XCBuildConfiguration;
			buildSettings = {
				ALWAYS_EMBED_SWIFT_STANDARD_LIBRARIES = YES;
				ASSETCATALOG_COMPILER_APPICON_NAME = AppIcon;
				ASSETCATALOG_COMPILER_GLOBAL_ACCENT_COLOR_NAME = AccentColor;
				ASSETCATALOG_COMPILER_INCLUDE_ALL_APPICON_ASSETS = NO;
				CODE_SIGN_ENTITLEMENTS = Financer/Financer.entitlements;
				CODE_SIGN_IDENTITY = "-";
				CODE_SIGN_STYLE = Automatic;
				COMBINE_HIDPI_IMAGES = YES;
				CURRENT_PROJECT_VERSION = 1;
				DEAD_CODE_STRIPPING = YES;
				DEVELOPMENT_ASSET_PATHS = "\"Financer/Preview Content\"";
				DEVELOPMENT_TEAM = Q87UDX5898;
				ENABLE_HARDENED_RUNTIME = YES;
				ENABLE_PREVIEWS = YES;
				GENERATE_INFOPLIST_FILE = YES;
				INFOPLIST_KEY_CFBundleDisplayName = Financer;
				INFOPLIST_KEY_LSApplicationCategoryType = "public.app-category.finance";
				INFOPLIST_KEY_NSHumanReadableCopyright = "";
				LD_RUNPATH_SEARCH_PATHS = (
					"$(inherited)",
					"@executable_path/../Frameworks",
				);
				MACOSX_DEPLOYMENT_TARGET = 13.3;
				MARKETING_VERSION = 1.0;
				PRODUCT_BUNDLE_IDENTIFIER = com.jules.Financer;
				PRODUCT_NAME = "$(TARGET_NAME)";
				SWIFT_EMIT_LOC_STRINGS = YES;
				SWIFT_VERSION = 5.0;
			};
			name = Release;
		};
		3F40FB68290D93C200BA2F83 /* Debug */ = {
			isa = XCBuildConfiguration;
			buildSettings = {
				ALWAYS_EMBED_SWIFT_STANDARD_LIBRARIES = YES;
				BUNDLE_LOADER = "$(TEST_HOST)";
				CODE_SIGN_STYLE = Automatic;
				CURRENT_PROJECT_VERSION = 1;
				DEAD_CODE_STRIPPING = YES;
				DEVELOPMENT_TEAM = Q87UDX5898;
				GENERATE_INFOPLIST_FILE = YES;
				MACOSX_DEPLOYMENT_TARGET = 12.3;
				MARKETING_VERSION = 1.0;
				PRODUCT_BUNDLE_IDENTIFIER = com.jules.FinancerTests;
				PRODUCT_NAME = "$(TARGET_NAME)";
				SWIFT_EMIT_LOC_STRINGS = NO;
				SWIFT_VERSION = 5.0;
				TEST_HOST = "$(BUILT_PRODUCTS_DIR)/Financer.app/$(BUNDLE_EXECUTABLE_FOLDER_PATH)/Financer";
			};
			name = Debug;
		};
		3F40FB69290D93C200BA2F83 /* Release */ = {
			isa = XCBuildConfiguration;
			buildSettings = {
				ALWAYS_EMBED_SWIFT_STANDARD_LIBRARIES = YES;
				BUNDLE_LOADER = "$(TEST_HOST)";
				CODE_SIGN_STYLE = Automatic;
				CURRENT_PROJECT_VERSION = 1;
				DEAD_CODE_STRIPPING = YES;
				DEVELOPMENT_TEAM = Q87UDX5898;
				GENERATE_INFOPLIST_FILE = YES;
				MACOSX_DEPLOYMENT_TARGET = 12.3;
				MARKETING_VERSION = 1.0;
				PRODUCT_BUNDLE_IDENTIFIER = com.jules.FinancerTests;
				PRODUCT_NAME = "$(TARGET_NAME)";
				SWIFT_EMIT_LOC_STRINGS = NO;
				SWIFT_VERSION = 5.0;
				TEST_HOST = "$(BUILT_PRODUCTS_DIR)/Financer.app/$(BUNDLE_EXECUTABLE_FOLDER_PATH)/Financer";
			};
			name = Release;
		};
		3F40FB6B290D93C200BA2F83 /* Debug */ = {
			isa = XCBuildConfiguration;
			buildSettings = {
				ALWAYS_EMBED_SWIFT_STANDARD_LIBRARIES = YES;
				CODE_SIGN_STYLE = Automatic;
				CURRENT_PROJECT_VERSION = 1;
				DEAD_CODE_STRIPPING = YES;
				DEVELOPMENT_TEAM = Q87UDX5898;
				GENERATE_INFOPLIST_FILE = YES;
				MARKETING_VERSION = 1.0;
				PRODUCT_BUNDLE_IDENTIFIER = com.jules.FinancerUITests;
				PRODUCT_NAME = "$(TARGET_NAME)";
				SWIFT_EMIT_LOC_STRINGS = NO;
				SWIFT_VERSION = 5.0;
				TEST_TARGET_NAME = Financer;
			};
			name = Debug;
		};
		3F40FB6C290D93C200BA2F83 /* Release */ = {
			isa = XCBuildConfiguration;
			buildSettings = {
				ALWAYS_EMBED_SWIFT_STANDARD_LIBRARIES = YES;
				CODE_SIGN_STYLE = Automatic;
				CURRENT_PROJECT_VERSION = 1;
				DEAD_CODE_STRIPPING = YES;
				DEVELOPMENT_TEAM = Q87UDX5898;
				GENERATE_INFOPLIST_FILE = YES;
				MARKETING_VERSION = 1.0;
				PRODUCT_BUNDLE_IDENTIFIER = com.jules.FinancerUITests;
				PRODUCT_NAME = "$(TARGET_NAME)";
				SWIFT_EMIT_LOC_STRINGS = NO;
				SWIFT_VERSION = 5.0;
				TEST_TARGET_NAME = Financer;
			};
			name = Release;
		};
		845A594429BC838C0063B681 /* Debug */ = {
			isa = XCBuildConfiguration;
			buildSettings = {
				ASSETCATALOG_COMPILER_GLOBAL_ACCENT_COLOR_NAME = AccentColor;
				ASSETCATALOG_COMPILER_WIDGET_BACKGROUND_COLOR_NAME = WidgetBackground;
				CODE_SIGN_ENTITLEMENTS = "Financer Widget/Financer_Widget.entitlements";
				CODE_SIGN_IDENTITY = "-";
				CODE_SIGN_STYLE = Automatic;
				CURRENT_PROJECT_VERSION = 1;
				DEVELOPMENT_TEAM = Q87UDX5898;
				ENABLE_HARDENED_RUNTIME = YES;
				GENERATE_INFOPLIST_FILE = YES;
				INFOPLIST_FILE = "Financer Widget/Info.plist";
				INFOPLIST_KEY_CFBundleDisplayName = "Financer Widget";
				INFOPLIST_KEY_NSHumanReadableCopyright = "";
				LD_RUNPATH_SEARCH_PATHS = (
					"$(inherited)",
					"@executable_path/../Frameworks",
					"@executable_path/../../../../Frameworks",
				);
				MACOSX_DEPLOYMENT_TARGET = 11.0;
				MARKETING_VERSION = 1.0;
				PRODUCT_BUNDLE_IDENTIFIER = "com.jules.Financer.Financer-Widget";
				PRODUCT_NAME = "$(TARGET_NAME)";
				SKIP_INSTALL = YES;
				SWIFT_EMIT_LOC_STRINGS = YES;
				SWIFT_VERSION = 5.0;
			};
			name = Debug;
		};
		845A594529BC838C0063B681 /* Release */ = {
			isa = XCBuildConfiguration;
			buildSettings = {
				ASSETCATALOG_COMPILER_GLOBAL_ACCENT_COLOR_NAME = AccentColor;
				ASSETCATALOG_COMPILER_WIDGET_BACKGROUND_COLOR_NAME = WidgetBackground;
				CODE_SIGN_ENTITLEMENTS = "Financer Widget/Financer_Widget.entitlements";
				CODE_SIGN_IDENTITY = "-";
				CODE_SIGN_STYLE = Automatic;
				CURRENT_PROJECT_VERSION = 1;
				DEVELOPMENT_TEAM = Q87UDX5898;
				ENABLE_HARDENED_RUNTIME = YES;
				GENERATE_INFOPLIST_FILE = YES;
				INFOPLIST_FILE = "Financer Widget/Info.plist";
				INFOPLIST_KEY_CFBundleDisplayName = "Financer Widget";
				INFOPLIST_KEY_NSHumanReadableCopyright = "";
				LD_RUNPATH_SEARCH_PATHS = (
					"$(inherited)",
					"@executable_path/../Frameworks",
					"@executable_path/../../../../Frameworks",
				);
				MACOSX_DEPLOYMENT_TARGET = 11.0;
				MARKETING_VERSION = 1.0;
				PRODUCT_BUNDLE_IDENTIFIER = "com.jules.Financer.Financer-Widget";
				PRODUCT_NAME = "$(TARGET_NAME)";
				SKIP_INSTALL = YES;
				SWIFT_EMIT_LOC_STRINGS = YES;
				SWIFT_VERSION = 5.0;
			};
			name = Release;
		};
/* End XCBuildConfiguration section */

/* Begin XCConfigurationList section */
		3F40FB3A290D93C100BA2F83 /* Build configuration list for PBXProject "Financer" */ = {
			isa = XCConfigurationList;
			buildConfigurations = (
				3F40FB62290D93C200BA2F83 /* Debug */,
				3F40FB63290D93C200BA2F83 /* Release */,
			);
			defaultConfigurationIsVisible = 0;
			defaultConfigurationName = Release;
		};
		3F40FB64290D93C200BA2F83 /* Build configuration list for PBXNativeTarget "Financer" */ = {
			isa = XCConfigurationList;
			buildConfigurations = (
				3F40FB65290D93C200BA2F83 /* Debug */,
				3F40FB66290D93C200BA2F83 /* Release */,
			);
			defaultConfigurationIsVisible = 0;
			defaultConfigurationName = Release;
		};
		3F40FB67290D93C200BA2F83 /* Build configuration list for PBXNativeTarget "FinancerTests" */ = {
			isa = XCConfigurationList;
			buildConfigurations = (
				3F40FB68290D93C200BA2F83 /* Debug */,
				3F40FB69290D93C200BA2F83 /* Release */,
			);
			defaultConfigurationIsVisible = 0;
			defaultConfigurationName = Release;
		};
		3F40FB6A290D93C200BA2F83 /* Build configuration list for PBXNativeTarget "FinancerUITests" */ = {
			isa = XCConfigurationList;
			buildConfigurations = (
				3F40FB6B290D93C200BA2F83 /* Debug */,
				3F40FB6C290D93C200BA2F83 /* Release */,
			);
			defaultConfigurationIsVisible = 0;
			defaultConfigurationName = Release;
		};
		845A594629BC838C0063B681 /* Build configuration list for PBXNativeTarget "Financer WidgetExtension" */ = {
			isa = XCConfigurationList;
			buildConfigurations = (
				845A594429BC838C0063B681 /* Debug */,
				845A594529BC838C0063B681 /* Release */,
			);
			defaultConfigurationIsVisible = 0;
			defaultConfigurationName = Release;
		};
/* End XCConfigurationList section */

/* Begin XCVersionGroup section */
		84E669EA29A247ED00EA7559 /* Financer.xcdatamodeld */ = {
			isa = XCVersionGroup;
			children = (
				84E669EB29A247ED00EA7559 /* Financer.xcdatamodel */,
			);
			currentVersion = 84E669EB29A247ED00EA7559 /* Financer.xcdatamodel */;
			path = Financer.xcdatamodeld;
			sourceTree = "<group>";
			versionGroupType = wrapper.xcdatamodel;
		};
/* End XCVersionGroup section */
	};
	rootObject = 3F40FB37290D93C100BA2F83 /* Project object */;
}
