// !$*UTF8*$!
{
	archiveVersion = 1;
	classes = {
	};
	objectVersion = 56;
	objects = {

/* Begin PBXBuildFile section */
		3F20C1A32923CD4B0018F21B /* CreateLegalPerson.swift in Sources */ = {isa = PBXBuildFile; fileRef = 3F20C1A22923CD4B0018F21B /* CreateLegalPerson.swift */; };
		3F20C1A52923CE3A0018F21B /* Organization.swift in Sources */ = {isa = PBXBuildFile; fileRef = 3F20C1A42923CE3A0018F21B /* Organization.swift */; };
		3F20C1A7292405BF0018F21B /* AddFinance.swift in Sources */ = {isa = PBXBuildFile; fileRef = 3F20C1A6292405BF0018F21B /* AddFinance.swift */; };
		3F40FB0D290D936400BA2F83 /* FinancerApp.swift in Sources */ = {isa = PBXBuildFile; fileRef = 3F40FB0C290D936400BA2F83 /* FinancerApp.swift */; };
		3F40FB11290D936500BA2F83 /* Assets.xcassets in Resources */ = {isa = PBXBuildFile; fileRef = 3F40FB10290D936500BA2F83 /* Assets.xcassets */; };
		3F40FB14290D936500BA2F83 /* Preview Assets.xcassets in Resources */ = {isa = PBXBuildFile; fileRef = 3F40FB13290D936500BA2F83 /* Preview Assets.xcassets */; };
		3F40FB1E290D936500BA2F83 /* FinancerTests.swift in Sources */ = {isa = PBXBuildFile; fileRef = 3F40FB1D290D936500BA2F83 /* FinancerTests.swift */; };
		3F40FB28290D936500BA2F83 /* FinancerUITests.swift in Sources */ = {isa = PBXBuildFile; fileRef = 3F40FB27290D936500BA2F83 /* FinancerUITests.swift */; };
		3F40FB2A290D936500BA2F83 /* FinancerUITestsLaunchTests.swift in Sources */ = {isa = PBXBuildFile; fileRef = 3F40FB29290D936500BA2F83 /* FinancerUITestsLaunchTests.swift */; };
		3F40FB6E290D942F00BA2F83 /* Home.swift in Sources */ = {isa = PBXBuildFile; fileRef = 3F40FB6D290D942F00BA2F83 /* Home.swift */; };
		3F7608C22924BA89006CCE79 /* Union.swift in Sources */ = {isa = PBXBuildFile; fileRef = 3F7608C12924BA89006CCE79 /* Union.swift */; };
		3F87B6B9292801C000E49F0B /* ModelsList.swift in Sources */ = {isa = PBXBuildFile; fileRef = 3F87B6B8292801C000E49F0B /* ModelsList.swift */; };
		3F87B6BE2928303800E49F0B /* IncomeList.swift in Sources */ = {isa = PBXBuildFile; fileRef = 3F87B6BD2928303800E49F0B /* IncomeList.swift */; };
		3F87B6C02928303D00E49F0B /* ExpanseList.swift in Sources */ = {isa = PBXBuildFile; fileRef = 3F87B6BF2928303D00E49F0B /* ExpanseList.swift */; };
		3F87B6C42928305700E49F0B /* PersonList.swift in Sources */ = {isa = PBXBuildFile; fileRef = 3F87B6C32928305700E49F0B /* PersonList.swift */; };
		3F87B6C62928306000E49F0B /* OrganizationList.swift in Sources */ = {isa = PBXBuildFile; fileRef = 3F87B6C52928306000E49F0B /* OrganizationList.swift */; };
		3F87B6C82928306600E49F0B /* CompanyList.swift in Sources */ = {isa = PBXBuildFile; fileRef = 3F87B6C72928306600E49F0B /* CompanyList.swift */; };
		3F87B6CB2928388800E49F0B /* ModelsListProtocol.swift in Sources */ = {isa = PBXBuildFile; fileRef = 3F87B6CA2928388800E49F0B /* ModelsListProtocol.swift */; };
		3F8AB0502916BC2B00FF907E /* SecureStorage.swift in Sources */ = {isa = PBXBuildFile; fileRef = 3F8AB04F2916BC2B00FF907E /* SecureStorage.swift */; };
		3FA172212920DBC800D5868F /* Storage.swift in Sources */ = {isa = PBXBuildFile; fileRef = 3FA172202920DBC800D5868F /* Storage.swift */; };
		3FAA137F2917982C00D25AB1 /* UserDetails.swift in Sources */ = {isa = PBXBuildFile; fileRef = 3FAA137E2917982C00D25AB1 /* UserDetails.swift */; };
		3FD1F6DE2922502B00A098A3 /* Finance.swift in Sources */ = {isa = PBXBuildFile; fileRef = 3FD1F6DD2922502B00A098A3 /* Finance.swift */; };
		3FD1F6E12922507D00A098A3 /* Income.swift in Sources */ = {isa = PBXBuildFile; fileRef = 3FD1F6E02922507D00A098A3 /* Income.swift */; };
		3FD1F6E32922508E00A098A3 /* Expense.swift in Sources */ = {isa = PBXBuildFile; fileRef = 3FD1F6E22922508E00A098A3 /* Expense.swift */; };
		3FD1F6E62922510D00A098A3 /* Company.swift in Sources */ = {isa = PBXBuildFile; fileRef = 3FD1F6E52922510D00A098A3 /* Company.swift */; };
		3FD1F6E82922529500A098A3 /* Person.swift in Sources */ = {isa = PBXBuildFile; fileRef = 3FD1F6E72922529500A098A3 /* Person.swift */; };
		3FD1F6EA292252E800A098A3 /* LegalPerson.swift in Sources */ = {isa = PBXBuildFile; fileRef = 3FD1F6E9292252E800A098A3 /* LegalPerson.swift */; };
		3FD48BCD290F9AED00DA118A /* ImagePicker.swift in Sources */ = {isa = PBXBuildFile; fileRef = 3FD48BCC290F9AED00DA118A /* ImagePicker.swift */; };
		3FDFEA67290E5A32005B778C /* User.swift in Sources */ = {isa = PBXBuildFile; fileRef = 3FDFEA66290E5A32005B778C /* User.swift */; };
		3FDFEA6C290E5BF8005B778C /* CreateUser.swift in Sources */ = {isa = PBXBuildFile; fileRef = 3FDFEA6B290E5BF8005B778C /* CreateUser.swift */; };
/* End PBXBuildFile section */

/* Begin PBXContainerItemProxy section */
		3F40FB1A290D936500BA2F83 /* PBXContainerItemProxy */ = {
			isa = PBXContainerItemProxy;
			containerPortal = 3F40FB01290D936400BA2F83 /* Project object */;
			proxyType = 1;
			remoteGlobalIDString = 3F40FB08290D936400BA2F83;
			remoteInfo = Financer;
		};
		3F40FB24290D936500BA2F83 /* PBXContainerItemProxy */ = {
			isa = PBXContainerItemProxy;
			containerPortal = 3F40FB01290D936400BA2F83 /* Project object */;
			proxyType = 1;
			remoteGlobalIDString = 3F40FB08290D936400BA2F83;
			remoteInfo = Financer;
		};
/* End PBXContainerItemProxy section */

/* Begin PBXFileReference section */
		3F20C1A22923CD4B0018F21B /* CreateLegalPerson.swift */ = {isa = PBXFileReference; lastKnownFileType = sourcecode.swift; path = CreateLegalPerson.swift; sourceTree = "<group>"; };
		3F20C1A42923CE3A0018F21B /* Organization.swift */ = {isa = PBXFileReference; lastKnownFileType = sourcecode.swift; path = Organization.swift; sourceTree = "<group>"; };
		3F20C1A6292405BF0018F21B /* AddFinance.swift */ = {isa = PBXFileReference; lastKnownFileType = sourcecode.swift; path = AddFinance.swift; sourceTree = "<group>"; };
		3F40FB09290D936400BA2F83 /* Financer.app */ = {isa = PBXFileReference; explicitFileType = wrapper.application; includeInIndex = 0; path = Financer.app; sourceTree = BUILT_PRODUCTS_DIR; };
		3F40FB0C290D936400BA2F83 /* FinancerApp.swift */ = {isa = PBXFileReference; lastKnownFileType = sourcecode.swift; path = FinancerApp.swift; sourceTree = "<group>"; };
		3F40FB10290D936500BA2F83 /* Assets.xcassets */ = {isa = PBXFileReference; lastKnownFileType = folder.assetcatalog; path = Assets.xcassets; sourceTree = "<group>"; };
		3F40FB13290D936500BA2F83 /* Preview Assets.xcassets */ = {isa = PBXFileReference; lastKnownFileType = folder.assetcatalog; path = "Preview Assets.xcassets"; sourceTree = "<group>"; };
		3F40FB19290D936500BA2F83 /* FinancerTests.xctest */ = {isa = PBXFileReference; explicitFileType = wrapper.cfbundle; includeInIndex = 0; path = FinancerTests.xctest; sourceTree = BUILT_PRODUCTS_DIR; };
		3F40FB1D290D936500BA2F83 /* FinancerTests.swift */ = {isa = PBXFileReference; lastKnownFileType = sourcecode.swift; path = FinancerTests.swift; sourceTree = "<group>"; };
		3F40FB23290D936500BA2F83 /* FinancerUITests.xctest */ = {isa = PBXFileReference; explicitFileType = wrapper.cfbundle; includeInIndex = 0; path = FinancerUITests.xctest; sourceTree = BUILT_PRODUCTS_DIR; };
		3F40FB27290D936500BA2F83 /* FinancerUITests.swift */ = {isa = PBXFileReference; lastKnownFileType = sourcecode.swift; path = FinancerUITests.swift; sourceTree = "<group>"; };
		3F40FB29290D936500BA2F83 /* FinancerUITestsLaunchTests.swift */ = {isa = PBXFileReference; lastKnownFileType = sourcecode.swift; path = FinancerUITestsLaunchTests.swift; sourceTree = "<group>"; };
		3F40FB6D290D942F00BA2F83 /* Home.swift */ = {isa = PBXFileReference; lastKnownFileType = sourcecode.swift; path = Home.swift; sourceTree = "<group>"; };
		3F7608C12924BA89006CCE79 /* Union.swift */ = {isa = PBXFileReference; lastKnownFileType = sourcecode.swift; path = Union.swift; sourceTree = "<group>"; };
		3F87B6B8292801C000E49F0B /* ModelsList.swift */ = {isa = PBXFileReference; lastKnownFileType = sourcecode.swift; path = ModelsList.swift; sourceTree = "<group>"; };
		3F87B6BD2928303800E49F0B /* IncomeList.swift */ = {isa = PBXFileReference; lastKnownFileType = sourcecode.swift; path = IncomeList.swift; sourceTree = "<group>"; };
		3F87B6BF2928303D00E49F0B /* ExpanseList.swift */ = {isa = PBXFileReference; lastKnownFileType = sourcecode.swift; path = ExpanseList.swift; sourceTree = "<group>"; };
		3F87B6C32928305700E49F0B /* PersonList.swift */ = {isa = PBXFileReference; lastKnownFileType = sourcecode.swift; path = PersonList.swift; sourceTree = "<group>"; };
		3F87B6C52928306000E49F0B /* OrganizationList.swift */ = {isa = PBXFileReference; lastKnownFileType = sourcecode.swift; path = OrganizationList.swift; sourceTree = "<group>"; };
		3F87B6C72928306600E49F0B /* CompanyList.swift */ = {isa = PBXFileReference; lastKnownFileType = sourcecode.swift; path = CompanyList.swift; sourceTree = "<group>"; };
		3F87B6CA2928388800E49F0B /* ModelsListProtocol.swift */ = {isa = PBXFileReference; lastKnownFileType = sourcecode.swift; path = ModelsListProtocol.swift; sourceTree = "<group>"; };
		3F8AB04F2916BC2B00FF907E /* SecureStorage.swift */ = {isa = PBXFileReference; lastKnownFileType = sourcecode.swift; path = SecureStorage.swift; sourceTree = "<group>"; };
		3FA172202920DBC800D5868F /* Storage.swift */ = {isa = PBXFileReference; lastKnownFileType = sourcecode.swift; path = Storage.swift; sourceTree = "<group>"; };
		3FAA137E2917982C00D25AB1 /* UserDetails.swift */ = {isa = PBXFileReference; lastKnownFileType = sourcecode.swift; path = UserDetails.swift; sourceTree = "<group>"; };
		3FD1F6DD2922502B00A098A3 /* Finance.swift */ = {isa = PBXFileReference; lastKnownFileType = sourcecode.swift; path = Finance.swift; sourceTree = "<group>"; };
		3FD1F6E02922507D00A098A3 /* Income.swift */ = {isa = PBXFileReference; lastKnownFileType = sourcecode.swift; path = Income.swift; sourceTree = "<group>"; };
		3FD1F6E22922508E00A098A3 /* Expense.swift */ = {isa = PBXFileReference; lastKnownFileType = sourcecode.swift; path = Expense.swift; sourceTree = "<group>"; };
		3FD1F6E52922510D00A098A3 /* Company.swift */ = {isa = PBXFileReference; lastKnownFileType = sourcecode.swift; path = Company.swift; sourceTree = "<group>"; };
		3FD1F6E72922529500A098A3 /* Person.swift */ = {isa = PBXFileReference; lastKnownFileType = sourcecode.swift; path = Person.swift; sourceTree = "<group>"; };
		3FD1F6E9292252E800A098A3 /* LegalPerson.swift */ = {isa = PBXFileReference; lastKnownFileType = sourcecode.swift; path = LegalPerson.swift; sourceTree = "<group>"; };
		3FD48BCC290F9AED00DA118A /* ImagePicker.swift */ = {isa = PBXFileReference; lastKnownFileType = sourcecode.swift; path = ImagePicker.swift; sourceTree = "<group>"; };
		3FDFEA66290E5A32005B778C /* User.swift */ = {isa = PBXFileReference; lastKnownFileType = sourcecode.swift; path = User.swift; sourceTree = "<group>"; };
		3FDFEA6B290E5BF8005B778C /* CreateUser.swift */ = {isa = PBXFileReference; lastKnownFileType = sourcecode.swift; path = CreateUser.swift; sourceTree = SOURCE_ROOT; };
/* End PBXFileReference section */

/* Begin PBXFrameworksBuildPhase section */
		3F40FB06290D936400BA2F83 /* Frameworks */ = {
			isa = PBXFrameworksBuildPhase;
			buildActionMask = 2147483647;
			files = (
			);
			runOnlyForDeploymentPostprocessing = 0;
		};
		3F40FB16290D936500BA2F83 /* Frameworks */ = {
			isa = PBXFrameworksBuildPhase;
			buildActionMask = 2147483647;
			files = (
			);
			runOnlyForDeploymentPostprocessing = 0;
		};
		3F40FB20290D936500BA2F83 /* Frameworks */ = {
			isa = PBXFrameworksBuildPhase;
			buildActionMask = 2147483647;
			files = (
			);
			runOnlyForDeploymentPostprocessing = 0;
		};
/* End PBXFrameworksBuildPhase section */

/* Begin PBXGroup section */
		3F40FB00290D936400BA2F83 = {
			isa = PBXGroup;
			children = (
				3F40FB0B290D936400BA2F83 /* Financer */,
				3F40FB1C290D936500BA2F83 /* FinancerTests */,
				3F40FB26290D936500BA2F83 /* FinancerUITests */,
				3F40FB0A290D936400BA2F83 /* Products */,
			);
			sourceTree = "<group>";
		};
		3F40FB0A290D936400BA2F83 /* Products */ = {
			isa = PBXGroup;
			children = (
				3F40FB09290D936400BA2F83 /* Financer.app */,
				3F40FB19290D936500BA2F83 /* FinancerTests.xctest */,
				3F40FB23290D936500BA2F83 /* FinancerUITests.xctest */,
			);
			name = Products;
			sourceTree = "<group>";
		};
		3F40FB0B290D936400BA2F83 /* Financer */ = {
			isa = PBXGroup;
			children = (
				3F40FB0C290D936400BA2F83 /* FinancerApp.swift */,
				3F8AB04E2916BC0C00FF907E /* Storage */,
				3FDFEA6A290E5BDD005B778C /* Views */,
				3FDFEA65290E5A1F005B778C /* Models */,
				3F40FB10290D936500BA2F83 /* Assets.xcassets */,
				3F40FB12290D936500BA2F83 /* Preview Content */,
			);
			path = Financer;
			sourceTree = "<group>";
		};
		3F40FB12290D936500BA2F83 /* Preview Content */ = {
			isa = PBXGroup;
			children = (
				3F40FB13290D936500BA2F83 /* Preview Assets.xcassets */,
			);
			path = "Preview Content";
			sourceTree = "<group>";
		};
		3F40FB1C290D936500BA2F83 /* FinancerTests */ = {
			isa = PBXGroup;
			children = (
				3F40FB1D290D936500BA2F83 /* FinancerTests.swift */,
			);
			path = FinancerTests;
			sourceTree = "<group>";
		};
		3F40FB26290D936500BA2F83 /* FinancerUITests */ = {
			isa = PBXGroup;
			children = (
				3F40FB27290D936500BA2F83 /* FinancerUITests.swift */,
				3F40FB29290D936500BA2F83 /* FinancerUITestsLaunchTests.swift */,
			);
			path = FinancerUITests;
			sourceTree = "<group>";
		};
		3F7608C02924BA39006CCE79 /* Abstracts */ = {
			isa = PBXGroup;
			children = (
				3FD1F6E9292252E800A098A3 /* LegalPerson.swift */,
				3F7608C12924BA89006CCE79 /* Union.swift */,
				3FD1F6DD2922502B00A098A3 /* Finance.swift */,
				3F87B6B8292801C000E49F0B /* ModelsList.swift */,
			);
			path = Abstracts;
			sourceTree = "<group>";
		};
		3F87B6B3292800E100E49F0B /* Storage */ = {
			isa = PBXGroup;
			children = (
				3F87B6C22928304600E49F0B /* Legal Persons */,
				3F87B6C12928304000E49F0B /* Finances */,
			);
			path = Storage;
			sourceTree = "<group>";
		};
		3F87B6C12928304000E49F0B /* Finances */ = {
			isa = PBXGroup;
			children = (
				3F87B6BD2928303800E49F0B /* IncomeList.swift */,
				3F87B6BF2928303D00E49F0B /* ExpanseList.swift */,
			);
			path = Finances;
			sourceTree = "<group>";
		};
		3F87B6C22928304600E49F0B /* Legal Persons */ = {
			isa = PBXGroup;
			children = (
				3F87B6C32928305700E49F0B /* PersonList.swift */,
				3F87B6C52928306000E49F0B /* OrganizationList.swift */,
				3F87B6C72928306600E49F0B /* CompanyList.swift */,
			);
			path = "Legal Persons";
			sourceTree = "<group>";
		};
		3F87B6C92928387E00E49F0B /* Protocols */ = {
			isa = PBXGroup;
			children = (
				3F87B6CA2928388800E49F0B /* ModelsListProtocol.swift */,
			);
			path = Protocols;
			sourceTree = "<group>";
		};
		3F8AB04E2916BC0C00FF907E /* Storage */ = {
			isa = PBXGroup;
			children = (
				3F8AB04F2916BC2B00FF907E /* SecureStorage.swift */,
				3FA172202920DBC800D5868F /* Storage.swift */,
			);
			path = Storage;
			sourceTree = "<group>";
		};
		3FD1F6DF2922507200A098A3 /* Finances */ = {
			isa = PBXGroup;
			children = (
				3FD1F6E02922507D00A098A3 /* Income.swift */,
				3FD1F6E22922508E00A098A3 /* Expense.swift */,
			);
			path = Finances;
			sourceTree = "<group>";
		};
		3FD1F6E4292250F400A098A3 /* Legal Persons */ = {
			isa = PBXGroup;
			children = (
				3FD1F6E52922510D00A098A3 /* Company.swift */,
				3FD1F6E72922529500A098A3 /* Person.swift */,
				3F20C1A42923CE3A0018F21B /* Organization.swift */,
			);
			path = "Legal Persons";
			sourceTree = "<group>";
		};
		3FDFEA65290E5A1F005B778C /* Models */ = {
			isa = PBXGroup;
			children = (
				3F87B6C92928387E00E49F0B /* Protocols */,
				3F87B6B3292800E100E49F0B /* Storage */,
				3F7608C02924BA39006CCE79 /* Abstracts */,
				3FD1F6E4292250F400A098A3 /* Legal Persons */,
				3FD1F6DF2922507200A098A3 /* Finances */,
				3FDFEA66290E5A32005B778C /* User.swift */,
			);
			path = Models;
			sourceTree = "<group>";
		};
		3FDFEA6A290E5BDD005B778C /* Views */ = {
			isa = PBXGroup;
			children = (
				3F40FB6D290D942F00BA2F83 /* Home.swift */,
				3FDFEA6B290E5BF8005B778C /* CreateUser.swift */,
				3FD48BCC290F9AED00DA118A /* ImagePicker.swift */,
				3FAA137E2917982C00D25AB1 /* UserDetails.swift */,
				3F20C1A22923CD4B0018F21B /* CreateLegalPerson.swift */,
				3F20C1A6292405BF0018F21B /* AddFinance.swift */,
			);
			path = Views;
			sourceTree = "<group>";
		};
/* End PBXGroup section */

/* Begin PBXNativeTarget section */
		3F40FB08290D936400BA2F83 /* Financer */ = {
			isa = PBXNativeTarget;
			buildConfigurationList = 3F40FB2D290D936500BA2F83 /* Build configuration list for PBXNativeTarget "Financer" */;
			buildPhases = (
				3F40FB05290D936400BA2F83 /* Sources */,
				3F40FB06290D936400BA2F83 /* Frameworks */,
				3F40FB07290D936400BA2F83 /* Resources */,
			);
			buildRules = (
			);
			dependencies = (
			);
			name = Financer;
			productName = Financer;
			productReference = 3F40FB09290D936400BA2F83 /* Financer.app */;
			productType = "com.apple.product-type.application";
		};
		3F40FB18290D936500BA2F83 /* FinancerTests */ = {
			isa = PBXNativeTarget;
			buildConfigurationList = 3F40FB30290D936500BA2F83 /* Build configuration list for PBXNativeTarget "FinancerTests" */;
			buildPhases = (
				3F40FB15290D936500BA2F83 /* Sources */,
				3F40FB16290D936500BA2F83 /* Frameworks */,
				3F40FB17290D936500BA2F83 /* Resources */,
			);
			buildRules = (
			);
			dependencies = (
				3F40FB1B290D936500BA2F83 /* PBXTargetDependency */,
			);
			name = FinancerTests;
			productName = FinancerTests;
			productReference = 3F40FB19290D936500BA2F83 /* FinancerTests.xctest */;
			productType = "com.apple.product-type.bundle.unit-test";
		};
		3F40FB22290D936500BA2F83 /* FinancerUITests */ = {
			isa = PBXNativeTarget;
			buildConfigurationList = 3F40FB33290D936500BA2F83 /* Build configuration list for PBXNativeTarget "FinancerUITests" */;
			buildPhases = (
				3F40FB1F290D936500BA2F83 /* Sources */,
				3F40FB20290D936500BA2F83 /* Frameworks */,
				3F40FB21290D936500BA2F83 /* Resources */,
			);
			buildRules = (
			);
			dependencies = (
				3F40FB25290D936500BA2F83 /* PBXTargetDependency */,
			);
			name = FinancerUITests;
			productName = FinancerUITests;
			productReference = 3F40FB23290D936500BA2F83 /* FinancerUITests.xctest */;
			productType = "com.apple.product-type.bundle.ui-testing";
		};
/* End PBXNativeTarget section */

/* Begin PBXProject section */
		3F40FB01290D936400BA2F83 /* Project object */ = {
			isa = PBXProject;
			attributes = {
				BuildIndependentTargetsInParallel = 1;
				LastSwiftUpdateCheck = 1400;
				LastUpgradeCheck = 1400;
				TargetAttributes = {
					3F40FB08290D936400BA2F83 = {
						CreatedOnToolsVersion = 14.0.1;
					};
					3F40FB18290D936500BA2F83 = {
						CreatedOnToolsVersion = 14.0.1;
						TestTargetID = 3F40FB08290D936400BA2F83;
					};
					3F40FB22290D936500BA2F83 = {
						CreatedOnToolsVersion = 14.0.1;
						TestTargetID = 3F40FB08290D936400BA2F83;
					};
				};
			};
			buildConfigurationList = 3F40FB04290D936400BA2F83 /* Build configuration list for PBXProject "Financer" */;
			compatibilityVersion = "Xcode 14.0";
			developmentRegion = en;
			hasScannedForEncodings = 0;
			knownRegions = (
				en,
				Base,
			);
			mainGroup = 3F40FB00290D936400BA2F83;
			productRefGroup = 3F40FB0A290D936400BA2F83 /* Products */;
			projectDirPath = "";
			projectRoot = "";
			targets = (
				3F40FB08290D936400BA2F83 /* Financer */,
				3F40FB18290D936500BA2F83 /* FinancerTests */,
				3F40FB22290D936500BA2F83 /* FinancerUITests */,
			);
		};
/* End PBXProject section */

/* Begin PBXResourcesBuildPhase section */
		3F40FB07290D936400BA2F83 /* Resources */ = {
			isa = PBXResourcesBuildPhase;
			buildActionMask = 2147483647;
			files = (
				3F40FB14290D936500BA2F83 /* Preview Assets.xcassets in Resources */,
				3F40FB11290D936500BA2F83 /* Assets.xcassets in Resources */,
			);
			runOnlyForDeploymentPostprocessing = 0;
		};
		3F40FB17290D936500BA2F83 /* Resources */ = {
			isa = PBXResourcesBuildPhase;
			buildActionMask = 2147483647;
			files = (
			);
			runOnlyForDeploymentPostprocessing = 0;
		};
		3F40FB21290D936500BA2F83 /* Resources */ = {
			isa = PBXResourcesBuildPhase;
			buildActionMask = 2147483647;
			files = (
			);
			runOnlyForDeploymentPostprocessing = 0;
		};
/* End PBXResourcesBuildPhase section */

/* Begin PBXSourcesBuildPhase section */
		3F40FB05290D936400BA2F83 /* Sources */ = {
			isa = PBXSourcesBuildPhase;
			buildActionMask = 2147483647;
			files = (
				3FD1F6E32922508E00A098A3 /* Expense.swift in Sources */,
				3F40FB6E290D942F00BA2F83 /* Home.swift in Sources */,
				3FAA137F2917982C00D25AB1 /* UserDetails.swift in Sources */,
				3FD1F6DE2922502B00A098A3 /* Finance.swift in Sources */,
				3F7608C22924BA89006CCE79 /* Union.swift in Sources */,
				3FD1F6E82922529500A098A3 /* Person.swift in Sources */,
				3F87B6C42928305700E49F0B /* PersonList.swift in Sources */,
				3F87B6C82928306600E49F0B /* CompanyList.swift in Sources */,
				3FD1F6E12922507D00A098A3 /* Income.swift in Sources */,
				3F40FB0D290D936400BA2F83 /* FinancerApp.swift in Sources */,
				3F20C1A32923CD4B0018F21B /* CreateLegalPerson.swift in Sources */,
				3FD1F6EA292252E800A098A3 /* LegalPerson.swift in Sources */,
				3FD48BCD290F9AED00DA118A /* ImagePicker.swift in Sources */,
				3F20C1A52923CE3A0018F21B /* Organization.swift in Sources */,
				3F20C1A7292405BF0018F21B /* AddFinance.swift in Sources */,
				3F87B6C62928306000E49F0B /* OrganizationList.swift in Sources */,
				3F87B6C02928303D00E49F0B /* ExpanseList.swift in Sources */,
				3F87B6B9292801C000E49F0B /* ModelsList.swift in Sources */,
				3F87B6BE2928303800E49F0B /* IncomeList.swift in Sources */,
				3FA172212920DBC800D5868F /* Storage.swift in Sources */,
				3FDFEA6C290E5BF8005B778C /* CreateUser.swift in Sources */,
				3FDFEA67290E5A32005B778C /* User.swift in Sources */,
				3FD1F6E62922510D00A098A3 /* Company.swift in Sources */,
				3F87B6CB2928388800E49F0B /* ModelsListProtocol.swift in Sources */,
				3F8AB0502916BC2B00FF907E /* SecureStorage.swift in Sources */,
			);
			runOnlyForDeploymentPostprocessing = 0;
		};
		3F40FB15290D936500BA2F83 /* Sources */ = {
			isa = PBXSourcesBuildPhase;
			buildActionMask = 2147483647;
			files = (
				3F40FB1E290D936500BA2F83 /* FinancerTests.swift in Sources */,
			);
			runOnlyForDeploymentPostprocessing = 0;
		};
		3F40FB1F290D936500BA2F83 /* Sources */ = {
			isa = PBXSourcesBuildPhase;
			buildActionMask = 2147483647;
			files = (
				3F40FB2A290D936500BA2F83 /* FinancerUITestsLaunchTests.swift in Sources */,
				3F40FB28290D936500BA2F83 /* FinancerUITests.swift in Sources */,
			);
			runOnlyForDeploymentPostprocessing = 0;
		};
/* End PBXSourcesBuildPhase section */

/* Begin PBXTargetDependency section */
		3F40FB1B290D936500BA2F83 /* PBXTargetDependency */ = {
			isa = PBXTargetDependency;
			target = 3F40FB08290D936400BA2F83 /* Financer */;
			targetProxy = 3F40FB1A290D936500BA2F83 /* PBXContainerItemProxy */;
		};
		3F40FB25290D936500BA2F83 /* PBXTargetDependency */ = {
			isa = PBXTargetDependency;
			target = 3F40FB08290D936400BA2F83 /* Financer */;
			targetProxy = 3F40FB24290D936500BA2F83 /* PBXContainerItemProxy */;
		};
/* End PBXTargetDependency section */

/* Begin XCBuildConfiguration section */
		3F40FB2B290D936500BA2F83 /* Debug */ = {
			isa = XCBuildConfiguration;
			buildSettings = {
				ALWAYS_SEARCH_USER_PATHS = NO;
				CLANG_ANALYZER_NONNULL = YES;
				CLANG_ANALYZER_NUMBER_OBJECT_CONVERSION = YES_AGGRESSIVE;
				CLANG_CXX_LANGUAGE_STANDARD = "gnu++20";
				CLANG_ENABLE_MODULES = YES;
				CLANG_ENABLE_OBJC_ARC = YES;
				CLANG_ENABLE_OBJC_WEAK = YES;
				CLANG_WARN_BLOCK_CAPTURE_AUTORELEASING = YES;
				CLANG_WARN_BOOL_CONVERSION = YES;
				CLANG_WARN_COMMA = YES;
				CLANG_WARN_CONSTANT_CONVERSION = YES;
				CLANG_WARN_DEPRECATED_OBJC_IMPLEMENTATIONS = YES;
				CLANG_WARN_DIRECT_OBJC_ISA_USAGE = YES_ERROR;
				CLANG_WARN_DOCUMENTATION_COMMENTS = YES;
				CLANG_WARN_EMPTY_BODY = YES;
				CLANG_WARN_ENUM_CONVERSION = YES;
				CLANG_WARN_INFINITE_RECURSION = YES;
				CLANG_WARN_INT_CONVERSION = YES;
				CLANG_WARN_NON_LITERAL_NULL_CONVERSION = YES;
				CLANG_WARN_OBJC_IMPLICIT_RETAIN_SELF = YES;
				CLANG_WARN_OBJC_LITERAL_CONVERSION = YES;
				CLANG_WARN_OBJC_ROOT_CLASS = YES_ERROR;
				CLANG_WARN_QUOTED_INCLUDE_IN_FRAMEWORK_HEADER = YES;
				CLANG_WARN_RANGE_LOOP_ANALYSIS = YES;
				CLANG_WARN_STRICT_PROTOTYPES = YES;
				CLANG_WARN_SUSPICIOUS_MOVE = YES;
				CLANG_WARN_UNGUARDED_AVAILABILITY = YES_AGGRESSIVE;
				CLANG_WARN_UNREACHABLE_CODE = YES;
				CLANG_WARN__DUPLICATE_METHOD_MATCH = YES;
				COPY_PHASE_STRIP = NO;
				DEBUG_INFORMATION_FORMAT = dwarf;
				ENABLE_STRICT_OBJC_MSGSEND = YES;
				ENABLE_TESTABILITY = YES;
				GCC_C_LANGUAGE_STANDARD = gnu11;
				GCC_DYNAMIC_NO_PIC = NO;
				GCC_NO_COMMON_BLOCKS = YES;
				GCC_OPTIMIZATION_LEVEL = 0;
				GCC_PREPROCESSOR_DEFINITIONS = (
					"DEBUG=1",
					"$(inherited)",
				);
				GCC_WARN_64_TO_32_BIT_CONVERSION = YES;
				GCC_WARN_ABOUT_RETURN_TYPE = YES_ERROR;
				GCC_WARN_UNDECLARED_SELECTOR = YES;
				GCC_WARN_UNINITIALIZED_AUTOS = YES_AGGRESSIVE;
				GCC_WARN_UNUSED_FUNCTION = YES;
				GCC_WARN_UNUSED_VARIABLE = YES;
				IPHONEOS_DEPLOYMENT_TARGET = 16.1;
				MTL_ENABLE_DEBUG_INFO = INCLUDE_SOURCE;
				MTL_FAST_MATH = YES;
				ONLY_ACTIVE_ARCH = YES;
				SDKROOT = iphoneos;
				SWIFT_ACTIVE_COMPILATION_CONDITIONS = DEBUG;
				SWIFT_OPTIMIZATION_LEVEL = "-Onone";
			};
			name = Debug;
		};
		3F40FB2C290D936500BA2F83 /* Release */ = {
			isa = XCBuildConfiguration;
			buildSettings = {
				ALWAYS_SEARCH_USER_PATHS = NO;
				CLANG_ANALYZER_NONNULL = YES;
				CLANG_ANALYZER_NUMBER_OBJECT_CONVERSION = YES_AGGRESSIVE;
				CLANG_CXX_LANGUAGE_STANDARD = "gnu++20";
				CLANG_ENABLE_MODULES = YES;
				CLANG_ENABLE_OBJC_ARC = YES;
				CLANG_ENABLE_OBJC_WEAK = YES;
				CLANG_WARN_BLOCK_CAPTURE_AUTORELEASING = YES;
				CLANG_WARN_BOOL_CONVERSION = YES;
				CLANG_WARN_COMMA = YES;
				CLANG_WARN_CONSTANT_CONVERSION = YES;
				CLANG_WARN_DEPRECATED_OBJC_IMPLEMENTATIONS = YES;
				CLANG_WARN_DIRECT_OBJC_ISA_USAGE = YES_ERROR;
				CLANG_WARN_DOCUMENTATION_COMMENTS = YES;
				CLANG_WARN_EMPTY_BODY = YES;
				CLANG_WARN_ENUM_CONVERSION = YES;
				CLANG_WARN_INFINITE_RECURSION = YES;
				CLANG_WARN_INT_CONVERSION = YES;
				CLANG_WARN_NON_LITERAL_NULL_CONVERSION = YES;
				CLANG_WARN_OBJC_IMPLICIT_RETAIN_SELF = YES;
				CLANG_WARN_OBJC_LITERAL_CONVERSION = YES;
				CLANG_WARN_OBJC_ROOT_CLASS = YES_ERROR;
				CLANG_WARN_QUOTED_INCLUDE_IN_FRAMEWORK_HEADER = YES;
				CLANG_WARN_RANGE_LOOP_ANALYSIS = YES;
				CLANG_WARN_STRICT_PROTOTYPES = YES;
				CLANG_WARN_SUSPICIOUS_MOVE = YES;
				CLANG_WARN_UNGUARDED_AVAILABILITY = YES_AGGRESSIVE;
				CLANG_WARN_UNREACHABLE_CODE = YES;
				CLANG_WARN__DUPLICATE_METHOD_MATCH = YES;
				COPY_PHASE_STRIP = NO;
				DEBUG_INFORMATION_FORMAT = "dwarf-with-dsym";
				ENABLE_NS_ASSERTIONS = NO;
				ENABLE_STRICT_OBJC_MSGSEND = YES;
				GCC_C_LANGUAGE_STANDARD = gnu11;
				GCC_NO_COMMON_BLOCKS = YES;
				GCC_WARN_64_TO_32_BIT_CONVERSION = YES;
				GCC_WARN_ABOUT_RETURN_TYPE = YES_ERROR;
				GCC_WARN_UNDECLARED_SELECTOR = YES;
				GCC_WARN_UNINITIALIZED_AUTOS = YES_AGGRESSIVE;
				GCC_WARN_UNUSED_FUNCTION = YES;
				GCC_WARN_UNUSED_VARIABLE = YES;
				IPHONEOS_DEPLOYMENT_TARGET = 16.1;
				MTL_ENABLE_DEBUG_INFO = NO;
				MTL_FAST_MATH = YES;
				SDKROOT = iphoneos;
				SWIFT_COMPILATION_MODE = wholemodule;
				SWIFT_OPTIMIZATION_LEVEL = "-O";
				VALIDATE_PRODUCT = YES;
			};
			name = Release;
		};
		3F40FB2E290D936500BA2F83 /* Debug */ = {
			isa = XCBuildConfiguration;
			buildSettings = {
				ASSETCATALOG_COMPILER_APPICON_NAME = AppIcon;
				ASSETCATALOG_COMPILER_GLOBAL_ACCENT_COLOR_NAME = AccentColor;
				CODE_SIGN_STYLE = Automatic;
				CURRENT_PROJECT_VERSION = 1;
				DEVELOPMENT_ASSET_PATHS = "\"Financer/Preview Content\"";
				DEVELOPMENT_TEAM = Q87UDX5898;
				ENABLE_PREVIEWS = YES;
				GENERATE_INFOPLIST_FILE = YES;
				INFOPLIST_KEY_CFBundleDisplayName = Financer;
				INFOPLIST_KEY_LSApplicationCategoryType = "public.app-category.finance";
				INFOPLIST_KEY_UIApplicationSceneManifest_Generation = YES;
				INFOPLIST_KEY_UIApplicationSupportsIndirectInputEvents = YES;
				INFOPLIST_KEY_UILaunchScreen_Generation = YES;
				INFOPLIST_KEY_UISupportedInterfaceOrientations_iPad = "UIInterfaceOrientationPortrait UIInterfaceOrientationPortraitUpsideDown UIInterfaceOrientationLandscapeLeft UIInterfaceOrientationLandscapeRight";
				INFOPLIST_KEY_UISupportedInterfaceOrientations_iPhone = "UIInterfaceOrientationPortrait UIInterfaceOrientationLandscapeLeft UIInterfaceOrientationLandscapeRight";
				LD_RUNPATH_SEARCH_PATHS = (
					"$(inherited)",
					"@executable_path/Frameworks",
				);
				MARKETING_VERSION = 1.0;
				PRODUCT_BUNDLE_IDENTIFIER = com.jules.Financer;
				PRODUCT_NAME = "$(TARGET_NAME)";
				SWIFT_EMIT_LOC_STRINGS = YES;
				SWIFT_VERSION = 5.0;
				TARGETED_DEVICE_FAMILY = "1,2";
			};
			name = Debug;
		};
		3F40FB2F290D936500BA2F83 /* Release */ = {
			isa = XCBuildConfiguration;
			buildSettings = {
				ASSETCATALOG_COMPILER_APPICON_NAME = AppIcon;
				ASSETCATALOG_COMPILER_GLOBAL_ACCENT_COLOR_NAME = AccentColor;
				CODE_SIGN_STYLE = Automatic;
				CURRENT_PROJECT_VERSION = 1;
				DEVELOPMENT_ASSET_PATHS = "\"Financer/Preview Content\"";
				DEVELOPMENT_TEAM = Q87UDX5898;
				ENABLE_PREVIEWS = YES;
				GENERATE_INFOPLIST_FILE = YES;
				INFOPLIST_KEY_CFBundleDisplayName = Financer;
				INFOPLIST_KEY_LSApplicationCategoryType = "public.app-category.finance";
				INFOPLIST_KEY_UIApplicationSceneManifest_Generation = YES;
				INFOPLIST_KEY_UIApplicationSupportsIndirectInputEvents = YES;
				INFOPLIST_KEY_UILaunchScreen_Generation = YES;
				INFOPLIST_KEY_UISupportedInterfaceOrientations_iPad = "UIInterfaceOrientationPortrait UIInterfaceOrientationPortraitUpsideDown UIInterfaceOrientationLandscapeLeft UIInterfaceOrientationLandscapeRight";
				INFOPLIST_KEY_UISupportedInterfaceOrientations_iPhone = "UIInterfaceOrientationPortrait UIInterfaceOrientationLandscapeLeft UIInterfaceOrientationLandscapeRight";
				LD_RUNPATH_SEARCH_PATHS = (
					"$(inherited)",
					"@executable_path/Frameworks",
				);
				MARKETING_VERSION = 1.0;
				PRODUCT_BUNDLE_IDENTIFIER = com.jules.Financer;
				PRODUCT_NAME = "$(TARGET_NAME)";
				SWIFT_EMIT_LOC_STRINGS = YES;
				SWIFT_VERSION = 5.0;
				TARGETED_DEVICE_FAMILY = "1,2";
			};
			name = Release;
		};
		3F40FB31290D936500BA2F83 /* Debug */ = {
			isa = XCBuildConfiguration;
			buildSettings = {
				ALWAYS_EMBED_SWIFT_STANDARD_LIBRARIES = YES;
				BUNDLE_LOADER = "$(TEST_HOST)";
				CODE_SIGN_STYLE = Automatic;
				CURRENT_PROJECT_VERSION = 1;
				DEVELOPMENT_TEAM = Q87UDX5898;
				GENERATE_INFOPLIST_FILE = YES;
				IPHONEOS_DEPLOYMENT_TARGET = 16.0;
				MARKETING_VERSION = 1.0;
				PRODUCT_BUNDLE_IDENTIFIER = com.jules.FinancerTests;
				PRODUCT_NAME = "$(TARGET_NAME)";
				SWIFT_EMIT_LOC_STRINGS = NO;
				SWIFT_VERSION = 5.0;
				TARGETED_DEVICE_FAMILY = "1,2";
				TEST_HOST = "$(BUILT_PRODUCTS_DIR)/Financer.app/$(BUNDLE_EXECUTABLE_FOLDER_PATH)/Financer";
			};
			name = Debug;
		};
		3F40FB32290D936500BA2F83 /* Release */ = {
			isa = XCBuildConfiguration;
			buildSettings = {
				ALWAYS_EMBED_SWIFT_STANDARD_LIBRARIES = YES;
				BUNDLE_LOADER = "$(TEST_HOST)";
				CODE_SIGN_STYLE = Automatic;
				CURRENT_PROJECT_VERSION = 1;
				DEVELOPMENT_TEAM = Q87UDX5898;
				GENERATE_INFOPLIST_FILE = YES;
				IPHONEOS_DEPLOYMENT_TARGET = 16.0;
				MARKETING_VERSION = 1.0;
				PRODUCT_BUNDLE_IDENTIFIER = com.jules.FinancerTests;
				PRODUCT_NAME = "$(TARGET_NAME)";
				SWIFT_EMIT_LOC_STRINGS = NO;
				SWIFT_VERSION = 5.0;
				TARGETED_DEVICE_FAMILY = "1,2";
				TEST_HOST = "$(BUILT_PRODUCTS_DIR)/Financer.app/$(BUNDLE_EXECUTABLE_FOLDER_PATH)/Financer";
			};
			name = Release;
		};
		3F40FB34290D936500BA2F83 /* Debug */ = {
			isa = XCBuildConfiguration;
			buildSettings = {
				ALWAYS_EMBED_SWIFT_STANDARD_LIBRARIES = YES;
				CODE_SIGN_STYLE = Automatic;
				CURRENT_PROJECT_VERSION = 1;
				DEVELOPMENT_TEAM = Q87UDX5898;
				GENERATE_INFOPLIST_FILE = YES;
				MARKETING_VERSION = 1.0;
				PRODUCT_BUNDLE_IDENTIFIER = com.jules.FinancerUITests;
				PRODUCT_NAME = "$(TARGET_NAME)";
				SWIFT_EMIT_LOC_STRINGS = NO;
				SWIFT_VERSION = 5.0;
				TARGETED_DEVICE_FAMILY = "1,2";
				TEST_TARGET_NAME = Financer;
			};
			name = Debug;
		};
		3F40FB35290D936500BA2F83 /* Release */ = {
			isa = XCBuildConfiguration;
			buildSettings = {
				ALWAYS_EMBED_SWIFT_STANDARD_LIBRARIES = YES;
				CODE_SIGN_STYLE = Automatic;
				CURRENT_PROJECT_VERSION = 1;
				DEVELOPMENT_TEAM = Q87UDX5898;
				GENERATE_INFOPLIST_FILE = YES;
				MARKETING_VERSION = 1.0;
				PRODUCT_BUNDLE_IDENTIFIER = com.jules.FinancerUITests;
				PRODUCT_NAME = "$(TARGET_NAME)";
				SWIFT_EMIT_LOC_STRINGS = NO;
				SWIFT_VERSION = 5.0;
				TARGETED_DEVICE_FAMILY = "1,2";
				TEST_TARGET_NAME = Financer;
			};
			name = Release;
		};
/* End XCBuildConfiguration section */

/* Begin XCConfigurationList section */
		3F40FB04290D936400BA2F83 /* Build configuration list for PBXProject "Financer" */ = {
			isa = XCConfigurationList;
			buildConfigurations = (
				3F40FB2B290D936500BA2F83 /* Debug */,
				3F40FB2C290D936500BA2F83 /* Release */,
			);
			defaultConfigurationIsVisible = 0;
			defaultConfigurationName = Release;
		};
		3F40FB2D290D936500BA2F83 /* Build configuration list for PBXNativeTarget "Financer" */ = {
			isa = XCConfigurationList;
			buildConfigurations = (
				3F40FB2E290D936500BA2F83 /* Debug */,
				3F40FB2F290D936500BA2F83 /* Release */,
			);
			defaultConfigurationIsVisible = 0;
			defaultConfigurationName = Release;
		};
		3F40FB30290D936500BA2F83 /* Build configuration list for PBXNativeTarget "FinancerTests" */ = {
			isa = XCConfigurationList;
			buildConfigurations = (
				3F40FB31290D936500BA2F83 /* Debug */,
				3F40FB32290D936500BA2F83 /* Release */,
			);
			defaultConfigurationIsVisible = 0;
			defaultConfigurationName = Release;
		};
		3F40FB33290D936500BA2F83 /* Build configuration list for PBXNativeTarget "FinancerUITests" */ = {
			isa = XCConfigurationList;
			buildConfigurations = (
				3F40FB34290D936500BA2F83 /* Debug */,
				3F40FB35290D936500BA2F83 /* Release */,
			);
			defaultConfigurationIsVisible = 0;
			defaultConfigurationName = Release;
		};
/* End XCConfigurationList section */
	};
	rootObject = 3F40FB01290D936400BA2F83 /* Project object */;
}
