// !$*UTF8*$!
{
	archiveVersion = 1;
	classes = {
	};
	objectVersion = 56;
	objects = {

/* Begin PBXBuildFile section */
		3F0C5D64294DE8B5001C18B7 /* FinancerApp.swift in Sources */ = {isa = PBXBuildFile; fileRef = 3F0C5D63294DE8B5001C18B7 /* FinancerApp.swift */; };
		3F0C5D66294DE8B5001C18B7 /* ContentView.swift in Sources */ = {isa = PBXBuildFile; fileRef = 3F0C5D65294DE8B5001C18B7 /* ContentView.swift */; };
		3F0C5D68294DE8B6001C18B7 /* Assets.xcassets in Resources */ = {isa = PBXBuildFile; fileRef = 3F0C5D67294DE8B6001C18B7 /* Assets.xcassets */; };
		3F0C5D6B294DE8B6001C18B7 /* Preview Assets.xcassets in Resources */ = {isa = PBXBuildFile; fileRef = 3F0C5D6A294DE8B6001C18B7 /* Preview Assets.xcassets */; };
		3F0C5D6D294DE8B6001C18B7 /* Persistence.swift in Sources */ = {isa = PBXBuildFile; fileRef = 3F0C5D6C294DE8B6001C18B7 /* Persistence.swift */; };
		3F0C5D70294DE8B6001C18B7 /* Financer.xcdatamodeld in Sources */ = {isa = PBXBuildFile; fileRef = 3F0C5D6E294DE8B6001C18B7 /* Financer.xcdatamodeld */; };
		3F0C5D7B294DE8B6001C18B7 /* FinancerTests.swift in Sources */ = {isa = PBXBuildFile; fileRef = 3F0C5D7A294DE8B6001C18B7 /* FinancerTests.swift */; };
		3F0C5D85294DE8B6001C18B7 /* FinancerUITests.swift in Sources */ = {isa = PBXBuildFile; fileRef = 3F0C5D84294DE8B6001C18B7 /* FinancerUITests.swift */; };
		3F0C5D87294DE8B6001C18B7 /* FinancerUITestsLaunchTests.swift in Sources */ = {isa = PBXBuildFile; fileRef = 3F0C5D86294DE8B6001C18B7 /* FinancerUITestsLaunchTests.swift */; };
/* End PBXBuildFile section */

/* Begin PBXContainerItemProxy section */
		3F0C5D77294DE8B6001C18B7 /* PBXContainerItemProxy */ = {
			isa = PBXContainerItemProxy;
			containerPortal = 3F0C5D58294DE8B5001C18B7 /* Project object */;
			proxyType = 1;
			remoteGlobalIDString = 3F0C5D5F294DE8B5001C18B7;
			remoteInfo = Financer;
		};
		3F0C5D81294DE8B6001C18B7 /* PBXContainerItemProxy */ = {
			isa = PBXContainerItemProxy;
			containerPortal = 3F0C5D58294DE8B5001C18B7 /* Project object */;
			proxyType = 1;
			remoteGlobalIDString = 3F0C5D5F294DE8B5001C18B7;
			remoteInfo = Financer;
		};
/* End PBXContainerItemProxy section */

/* Begin PBXFileReference section */
		3F0C5D60294DE8B5001C18B7 /* Financer.app */ = {isa = PBXFileReference; explicitFileType = wrapper.application; includeInIndex = 0; path = Financer.app; sourceTree = BUILT_PRODUCTS_DIR; };
		3F0C5D63294DE8B5001C18B7 /* FinancerApp.swift */ = {isa = PBXFileReference; lastKnownFileType = sourcecode.swift; path = FinancerApp.swift; sourceTree = "<group>"; };
		3F0C5D65294DE8B5001C18B7 /* ContentView.swift */ = {isa = PBXFileReference; lastKnownFileType = sourcecode.swift; path = ContentView.swift; sourceTree = "<group>"; };
		3F0C5D67294DE8B6001C18B7 /* Assets.xcassets */ = {isa = PBXFileReference; lastKnownFileType = folder.assetcatalog; path = Assets.xcassets; sourceTree = "<group>"; };
		3F0C5D6A294DE8B6001C18B7 /* Preview Assets.xcassets */ = {isa = PBXFileReference; lastKnownFileType = folder.assetcatalog; path = "Preview Assets.xcassets"; sourceTree = "<group>"; };
		3F0C5D6C294DE8B6001C18B7 /* Persistence.swift */ = {isa = PBXFileReference; lastKnownFileType = sourcecode.swift; path = Persistence.swift; sourceTree = "<group>"; };
		3F0C5D6F294DE8B6001C18B7 /* Financer.xcdatamodel */ = {isa = PBXFileReference; lastKnownFileType = wrapper.xcdatamodel; path = Financer.xcdatamodel; sourceTree = "<group>"; };
		3F0C5D71294DE8B6001C18B7 /* Info.plist */ = {isa = PBXFileReference; lastKnownFileType = text.plist.xml; path = Info.plist; sourceTree = "<group>"; };
		3F0C5D76294DE8B6001C18B7 /* FinancerTests.xctest */ = {isa = PBXFileReference; explicitFileType = wrapper.cfbundle; includeInIndex = 0; path = FinancerTests.xctest; sourceTree = BUILT_PRODUCTS_DIR; };
		3F0C5D7A294DE8B6001C18B7 /* FinancerTests.swift */ = {isa = PBXFileReference; lastKnownFileType = sourcecode.swift; path = FinancerTests.swift; sourceTree = "<group>"; };
		3F0C5D80294DE8B6001C18B7 /* FinancerUITests.xctest */ = {isa = PBXFileReference; explicitFileType = wrapper.cfbundle; includeInIndex = 0; path = FinancerUITests.xctest; sourceTree = BUILT_PRODUCTS_DIR; };
		3F0C5D84294DE8B6001C18B7 /* FinancerUITests.swift */ = {isa = PBXFileReference; lastKnownFileType = sourcecode.swift; path = FinancerUITests.swift; sourceTree = "<group>"; };
		3F0C5D86294DE8B6001C18B7 /* FinancerUITestsLaunchTests.swift */ = {isa = PBXFileReference; lastKnownFileType = sourcecode.swift; path = FinancerUITestsLaunchTests.swift; sourceTree = "<group>"; };
/* End PBXFileReference section */

/* Begin PBXFrameworksBuildPhase section */
		3F0C5D5D294DE8B5001C18B7 /* Frameworks */ = {
			isa = PBXFrameworksBuildPhase;
			buildActionMask = 2147483647;
			files = (
			);
			runOnlyForDeploymentPostprocessing = 0;
		};
		3F0C5D73294DE8B6001C18B7 /* Frameworks */ = {
			isa = PBXFrameworksBuildPhase;
			buildActionMask = 2147483647;
			files = (
			);
			runOnlyForDeploymentPostprocessing = 0;
		};
		3F0C5D7D294DE8B6001C18B7 /* Frameworks */ = {
			isa = PBXFrameworksBuildPhase;
			buildActionMask = 2147483647;
			files = (
			);
			runOnlyForDeploymentPostprocessing = 0;
		};
/* End PBXFrameworksBuildPhase section */

/* Begin PBXGroup section */
		3F0C5D57294DE8B5001C18B7 = {
			isa = PBXGroup;
			children = (
				3F0C5D62294DE8B5001C18B7 /* Financer */,
				3F0C5D79294DE8B6001C18B7 /* FinancerTests */,
				3F0C5D83294DE8B6001C18B7 /* FinancerUITests */,
				3F0C5D61294DE8B5001C18B7 /* Products */,
			);
			sourceTree = "<group>";
		};
		3F0C5D61294DE8B5001C18B7 /* Products */ = {
			isa = PBXGroup;
			children = (
				3F0C5D60294DE8B5001C18B7 /* Financer.app */,
				3F0C5D76294DE8B6001C18B7 /* FinancerTests.xctest */,
				3F0C5D80294DE8B6001C18B7 /* FinancerUITests.xctest */,
			);
			name = Products;
			sourceTree = "<group>";
		};
		3F0C5D62294DE8B5001C18B7 /* Financer */ = {
			isa = PBXGroup;
			children = (
				3F0C5D63294DE8B5001C18B7 /* FinancerApp.swift */,
				3F0C5D65294DE8B5001C18B7 /* ContentView.swift */,
				3F0C5D67294DE8B6001C18B7 /* Assets.xcassets */,
				3F0C5D6C294DE8B6001C18B7 /* Persistence.swift */,
				3F0C5D71294DE8B6001C18B7 /* Info.plist */,
				3F0C5D6E294DE8B6001C18B7 /* Financer.xcdatamodeld */,
				3F0C5D69294DE8B6001C18B7 /* Preview Content */,
			);
			path = Financer;
			sourceTree = "<group>";
		};
		3F0C5D69294DE8B6001C18B7 /* Preview Content */ = {
			isa = PBXGroup;
			children = (
				3F0C5D6A294DE8B6001C18B7 /* Preview Assets.xcassets */,
			);
			path = "Preview Content";
			sourceTree = "<group>";
		};
		3F0C5D79294DE8B6001C18B7 /* FinancerTests */ = {
			isa = PBXGroup;
			children = (
				3F0C5D7A294DE8B6001C18B7 /* FinancerTests.swift */,
			);
			path = FinancerTests;
			sourceTree = "<group>";
		};
		3F0C5D83294DE8B6001C18B7 /* FinancerUITests */ = {
			isa = PBXGroup;
			children = (
				3F0C5D84294DE8B6001C18B7 /* FinancerUITests.swift */,
				3F0C5D86294DE8B6001C18B7 /* FinancerUITestsLaunchTests.swift */,
			);
			path = FinancerUITests;
			sourceTree = "<group>";
		};
/* End PBXGroup section */

/* Begin PBXNativeTarget section */
		3F0C5D5F294DE8B5001C18B7 /* Financer */ = {
			isa = PBXNativeTarget;
			buildConfigurationList = 3F0C5D8A294DE8B6001C18B7 /* Build configuration list for PBXNativeTarget "Financer" */;
			buildPhases = (
				3F0C5D5C294DE8B5001C18B7 /* Sources */,
				3F0C5D5D294DE8B5001C18B7 /* Frameworks */,
				3F0C5D5E294DE8B5001C18B7 /* Resources */,
			);
			buildRules = (
			);
			dependencies = (
			);
			name = Financer;
			productName = Financer;
			productReference = 3F0C5D60294DE8B5001C18B7 /* Financer.app */;
			productType = "com.apple.product-type.application";
		};
		3F0C5D75294DE8B6001C18B7 /* FinancerTests */ = {
			isa = PBXNativeTarget;
			buildConfigurationList = 3F0C5D8D294DE8B6001C18B7 /* Build configuration list for PBXNativeTarget "FinancerTests" */;
			buildPhases = (
				3F0C5D72294DE8B6001C18B7 /* Sources */,
				3F0C5D73294DE8B6001C18B7 /* Frameworks */,
				3F0C5D74294DE8B6001C18B7 /* Resources */,
			);
			buildRules = (
			);
			dependencies = (
				3F0C5D78294DE8B6001C18B7 /* PBXTargetDependency */,
			);
			name = FinancerTests;
			productName = FinancerTests;
			productReference = 3F0C5D76294DE8B6001C18B7 /* FinancerTests.xctest */;
			productType = "com.apple.product-type.bundle.unit-test";
		};
		3F0C5D7F294DE8B6001C18B7 /* FinancerUITests */ = {
			isa = PBXNativeTarget;
			buildConfigurationList = 3F0C5D90294DE8B6001C18B7 /* Build configuration list for PBXNativeTarget "FinancerUITests" */;
			buildPhases = (
				3F0C5D7C294DE8B6001C18B7 /* Sources */,
				3F0C5D7D294DE8B6001C18B7 /* Frameworks */,
				3F0C5D7E294DE8B6001C18B7 /* Resources */,
			);
			buildRules = (
			);
			dependencies = (
				3F0C5D82294DE8B6001C18B7 /* PBXTargetDependency */,
			);
			name = FinancerUITests;
			productName = FinancerUITests;
			productReference = 3F0C5D80294DE8B6001C18B7 /* FinancerUITests.xctest */;
			productType = "com.apple.product-type.bundle.ui-testing";
		};
/* End PBXNativeTarget section */

/* Begin PBXProject section */
		3F0C5D58294DE8B5001C18B7 /* Project object */ = {
			isa = PBXProject;
			attributes = {
				BuildIndependentTargetsInParallel = 1;
				LastSwiftUpdateCheck = 1420;
				LastUpgradeCheck = 1420;
				TargetAttributes = {
					3F0C5D5F294DE8B5001C18B7 = {
						CreatedOnToolsVersion = 14.2;
					};
					3F0C5D75294DE8B6001C18B7 = {
						CreatedOnToolsVersion = 14.2;
						TestTargetID = 3F0C5D5F294DE8B5001C18B7;
					};
					3F0C5D7F294DE8B6001C18B7 = {
						CreatedOnToolsVersion = 14.2;
						TestTargetID = 3F0C5D5F294DE8B5001C18B7;
					};
				};
			};
			buildConfigurationList = 3F0C5D5B294DE8B5001C18B7 /* Build configuration list for PBXProject "Financer" */;
			compatibilityVersion = "Xcode 14.0";
			developmentRegion = en;
			hasScannedForEncodings = 0;
			knownRegions = (
				en,
				Base,
			);
			mainGroup = 3F0C5D57294DE8B5001C18B7;
			productRefGroup = 3F0C5D61294DE8B5001C18B7 /* Products */;
			projectDirPath = "";
			projectRoot = "";
			targets = (
				3F0C5D5F294DE8B5001C18B7 /* Financer */,
				3F0C5D75294DE8B6001C18B7 /* FinancerTests */,
				3F0C5D7F294DE8B6001C18B7 /* FinancerUITests */,
			);
		};
/* End PBXProject section */

/* Begin PBXResourcesBuildPhase section */
		3F0C5D5E294DE8B5001C18B7 /* Resources */ = {
			isa = PBXResourcesBuildPhase;
			buildActionMask = 2147483647;
			files = (
				3F0C5D6B294DE8B6001C18B7 /* Preview Assets.xcassets in Resources */,
				3F0C5D68294DE8B6001C18B7 /* Assets.xcassets in Resources */,
			);
			runOnlyForDeploymentPostprocessing = 0;
		};
		3F0C5D74294DE8B6001C18B7 /* Resources */ = {
			isa = PBXResourcesBuildPhase;
			buildActionMask = 2147483647;
			files = (
			);
			runOnlyForDeploymentPostprocessing = 0;
		};
		3F0C5D7E294DE8B6001C18B7 /* Resources */ = {
			isa = PBXResourcesBuildPhase;
			buildActionMask = 2147483647;
			files = (
			);
			runOnlyForDeploymentPostprocessing = 0;
		};
/* End PBXResourcesBuildPhase section */

/* Begin PBXSourcesBuildPhase section */
		3F0C5D5C294DE8B5001C18B7 /* Sources */ = {
			isa = PBXSourcesBuildPhase;
			buildActionMask = 2147483647;
			files = (
				3F0C5D6D294DE8B6001C18B7 /* Persistence.swift in Sources */,
				3F0C5D66294DE8B5001C18B7 /* ContentView.swift in Sources */,
				3F0C5D64294DE8B5001C18B7 /* FinancerApp.swift in Sources */,
				3F0C5D70294DE8B6001C18B7 /* Financer.xcdatamodeld in Sources */,
			);
			runOnlyForDeploymentPostprocessing = 0;
		};
		3F0C5D72294DE8B6001C18B7 /* Sources */ = {
			isa = PBXSourcesBuildPhase;
			buildActionMask = 2147483647;
			files = (
				3F0C5D7B294DE8B6001C18B7 /* FinancerTests.swift in Sources */,
			);
			runOnlyForDeploymentPostprocessing = 0;
		};
		3F0C5D7C294DE8B6001C18B7 /* Sources */ = {
			isa = PBXSourcesBuildPhase;
			buildActionMask = 2147483647;
			files = (
				3F0C5D87294DE8B6001C18B7 /* FinancerUITestsLaunchTests.swift in Sources */,
				3F0C5D85294DE8B6001C18B7 /* FinancerUITests.swift in Sources */,
			);
			runOnlyForDeploymentPostprocessing = 0;
		};
/* End PBXSourcesBuildPhase section */

/* Begin PBXTargetDependency section */
		3F0C5D78294DE8B6001C18B7 /* PBXTargetDependency */ = {
			isa = PBXTargetDependency;
			target = 3F0C5D5F294DE8B5001C18B7 /* Financer */;
			targetProxy = 3F0C5D77294DE8B6001C18B7 /* PBXContainerItemProxy */;
		};
		3F0C5D82294DE8B6001C18B7 /* PBXTargetDependency */ = {
			isa = PBXTargetDependency;
			target = 3F0C5D5F294DE8B5001C18B7 /* Financer */;
			targetProxy = 3F0C5D81294DE8B6001C18B7 /* PBXContainerItemProxy */;
		};
/* End PBXTargetDependency section */

/* Begin XCBuildConfiguration section */
		3F0C5D88294DE8B6001C18B7 /* Debug */ = {
			isa = XCBuildConfiguration;
			buildSettings = {
				ALWAYS_SEARCH_USER_PATHS = NO;
				CLANG_ANALYZER_NONNULL = YES;
				CLANG_ANALYZER_NUMBER_OBJECT_CONVERSION = YES_AGGRESSIVE;
				CLANG_CXX_LANGUAGE_STANDARD = "gnu++20";
				CLANG_ENABLE_MODULES = YES;
				CLANG_ENABLE_OBJC_ARC = YES;
				CLANG_ENABLE_OBJC_WEAK = YES;
				CLANG_WARN_BLOCK_CAPTURE_AUTORELEASING = YES;
				CLANG_WARN_BOOL_CONVERSION = YES;
				CLANG_WARN_COMMA = YES;
				CLANG_WARN_CONSTANT_CONVERSION = YES;
				CLANG_WARN_DEPRECATED_OBJC_IMPLEMENTATIONS = YES;
				CLANG_WARN_DIRECT_OBJC_ISA_USAGE = YES_ERROR;
				CLANG_WARN_DOCUMENTATION_COMMENTS = YES;
				CLANG_WARN_EMPTY_BODY = YES;
				CLANG_WARN_ENUM_CONVERSION = YES;
				CLANG_WARN_INFINITE_RECURSION = YES;
				CLANG_WARN_INT_CONVERSION = YES;
				CLANG_WARN_NON_LITERAL_NULL_CONVERSION = YES;
				CLANG_WARN_OBJC_IMPLICIT_RETAIN_SELF = YES;
				CLANG_WARN_OBJC_LITERAL_CONVERSION = YES;
				CLANG_WARN_OBJC_ROOT_CLASS = YES_ERROR;
				CLANG_WARN_QUOTED_INCLUDE_IN_FRAMEWORK_HEADER = YES;
				CLANG_WARN_RANGE_LOOP_ANALYSIS = YES;
				CLANG_WARN_STRICT_PROTOTYPES = YES;
				CLANG_WARN_SUSPICIOUS_MOVE = YES;
				CLANG_WARN_UNGUARDED_AVAILABILITY = YES_AGGRESSIVE;
				CLANG_WARN_UNREACHABLE_CODE = YES;
				CLANG_WARN__DUPLICATE_METHOD_MATCH = YES;
				COPY_PHASE_STRIP = NO;
				DEBUG_INFORMATION_FORMAT = dwarf;
				ENABLE_STRICT_OBJC_MSGSEND = YES;
				ENABLE_TESTABILITY = YES;
				GCC_C_LANGUAGE_STANDARD = gnu11;
				GCC_DYNAMIC_NO_PIC = NO;
				GCC_NO_COMMON_BLOCKS = YES;
				GCC_OPTIMIZATION_LEVEL = 0;
				GCC_PREPROCESSOR_DEFINITIONS = (
					"DEBUG=1",
					"$(inherited)",
				);
				GCC_WARN_64_TO_32_BIT_CONVERSION = YES;
				GCC_WARN_ABOUT_RETURN_TYPE = YES_ERROR;
				GCC_WARN_UNDECLARED_SELECTOR = YES;
				GCC_WARN_UNINITIALIZED_AUTOS = YES_AGGRESSIVE;
				GCC_WARN_UNUSED_FUNCTION = YES;
				GCC_WARN_UNUSED_VARIABLE = YES;
				IPHONEOS_DEPLOYMENT_TARGET = 16.2;
				MTL_ENABLE_DEBUG_INFO = INCLUDE_SOURCE;
				MTL_FAST_MATH = YES;
				ONLY_ACTIVE_ARCH = YES;
				SDKROOT = iphoneos;
				SWIFT_ACTIVE_COMPILATION_CONDITIONS = DEBUG;
				SWIFT_OPTIMIZATION_LEVEL = "-Onone";
			};
			name = Debug;
		};
		3F0C5D89294DE8B6001C18B7 /* Release */ = {
			isa = XCBuildConfiguration;
			buildSettings = {
				ALWAYS_SEARCH_USER_PATHS = NO;
				CLANG_ANALYZER_NONNULL = YES;
				CLANG_ANALYZER_NUMBER_OBJECT_CONVERSION = YES_AGGRESSIVE;
				CLANG_CXX_LANGUAGE_STANDARD = "gnu++20";
				CLANG_ENABLE_MODULES = YES;
				CLANG_ENABLE_OBJC_ARC = YES;
				CLANG_ENABLE_OBJC_WEAK = YES;
				CLANG_WARN_BLOCK_CAPTURE_AUTORELEASING = YES;
				CLANG_WARN_BOOL_CONVERSION = YES;
				CLANG_WARN_COMMA = YES;
				CLANG_WARN_CONSTANT_CONVERSION = YES;
				CLANG_WARN_DEPRECATED_OBJC_IMPLEMENTATIONS = YES;
				CLANG_WARN_DIRECT_OBJC_ISA_USAGE = YES_ERROR;
				CLANG_WARN_DOCUMENTATION_COMMENTS = YES;
				CLANG_WARN_EMPTY_BODY = YES;
				CLANG_WARN_ENUM_CONVERSION = YES;
				CLANG_WARN_INFINITE_RECURSION = YES;
				CLANG_WARN_INT_CONVERSION = YES;
				CLANG_WARN_NON_LITERAL_NULL_CONVERSION = YES;
				CLANG_WARN_OBJC_IMPLICIT_RETAIN_SELF = YES;
				CLANG_WARN_OBJC_LITERAL_CONVERSION = YES;
				CLANG_WARN_OBJC_ROOT_CLASS = YES_ERROR;
				CLANG_WARN_QUOTED_INCLUDE_IN_FRAMEWORK_HEADER = YES;
				CLANG_WARN_RANGE_LOOP_ANALYSIS = YES;
				CLANG_WARN_STRICT_PROTOTYPES = YES;
				CLANG_WARN_SUSPICIOUS_MOVE = YES;
				CLANG_WARN_UNGUARDED_AVAILABILITY = YES_AGGRESSIVE;
				CLANG_WARN_UNREACHABLE_CODE = YES;
				CLANG_WARN__DUPLICATE_METHOD_MATCH = YES;
				COPY_PHASE_STRIP = NO;
				DEBUG_INFORMATION_FORMAT = "dwarf-with-dsym";
				ENABLE_NS_ASSERTIONS = NO;
				ENABLE_STRICT_OBJC_MSGSEND = YES;
				GCC_C_LANGUAGE_STANDARD = gnu11;
				GCC_NO_COMMON_BLOCKS = YES;
				GCC_WARN_64_TO_32_BIT_CONVERSION = YES;
				GCC_WARN_ABOUT_RETURN_TYPE = YES_ERROR;
				GCC_WARN_UNDECLARED_SELECTOR = YES;
				GCC_WARN_UNINITIALIZED_AUTOS = YES_AGGRESSIVE;
				GCC_WARN_UNUSED_FUNCTION = YES;
				GCC_WARN_UNUSED_VARIABLE = YES;
				IPHONEOS_DEPLOYMENT_TARGET = 16.2;
				MTL_ENABLE_DEBUG_INFO = NO;
				MTL_FAST_MATH = YES;
				SDKROOT = iphoneos;
				SWIFT_COMPILATION_MODE = wholemodule;
				SWIFT_OPTIMIZATION_LEVEL = "-O";
				VALIDATE_PRODUCT = YES;
			};
			name = Release;
		};
		3F0C5D8B294DE8B6001C18B7 /* Debug */ = {
			isa = XCBuildConfiguration;
			buildSettings = {
				ASSETCATALOG_COMPILER_APPICON_NAME = AppIcon;
				ASSETCATALOG_COMPILER_GLOBAL_ACCENT_COLOR_NAME = AccentColor;
				CODE_SIGN_STYLE = Automatic;
				CURRENT_PROJECT_VERSION = 1;
				DEVELOPMENT_ASSET_PATHS = "\"Financer/Preview Content\"";
				DEVELOPMENT_TEAM = Q87UDX5898;
				ENABLE_PREVIEWS = YES;
				GENERATE_INFOPLIST_FILE = YES;
				INFOPLIST_KEY_UIApplicationSceneManifest_Generation = YES;
				INFOPLIST_KEY_UIApplicationSupportsIndirectInputEvents = YES;
				INFOPLIST_KEY_UILaunchScreen_Generation = YES;
				INFOPLIST_KEY_UISupportedInterfaceOrientations_iPad = "UIInterfaceOrientationPortrait UIInterfaceOrientationPortraitUpsideDown UIInterfaceOrientationLandscapeLeft UIInterfaceOrientationLandscapeRight";
				INFOPLIST_KEY_UISupportedInterfaceOrientations_iPhone = "UIInterfaceOrientationPortrait UIInterfaceOrientationLandscapeLeft UIInterfaceOrientationLandscapeRight";
				LD_RUNPATH_SEARCH_PATHS = (
					"$(inherited)",
					"@executable_path/Frameworks",
				);
				MARKETING_VERSION = 1.0;
				PRODUCT_BUNDLE_IDENTIFIER = com.jules.Financer;
				PRODUCT_NAME = "$(TARGET_NAME)";
				SWIFT_EMIT_LOC_STRINGS = YES;
				SWIFT_VERSION = 5.0;
				TARGETED_DEVICE_FAMILY = "1,2";
			};
			name = Debug;
		};
		3F0C5D8C294DE8B6001C18B7 /* Release */ = {
			isa = XCBuildConfiguration;
			buildSettings = {
				ASSETCATALOG_COMPILER_APPICON_NAME = AppIcon;
				ASSETCATALOG_COMPILER_GLOBAL_ACCENT_COLOR_NAME = AccentColor;
				CODE_SIGN_STYLE = Automatic;
				CURRENT_PROJECT_VERSION = 1;
				DEVELOPMENT_ASSET_PATHS = "\"Financer/Preview Content\"";
				DEVELOPMENT_TEAM = Q87UDX5898;
				ENABLE_PREVIEWS = YES;
				GENERATE_INFOPLIST_FILE = YES;
				INFOPLIST_KEY_UIApplicationSceneManifest_Generation = YES;
				INFOPLIST_KEY_UIApplicationSupportsIndirectInputEvents = YES;
				INFOPLIST_KEY_UILaunchScreen_Generation = YES;
				INFOPLIST_KEY_UISupportedInterfaceOrientations_iPad = "UIInterfaceOrientationPortrait UIInterfaceOrientationPortraitUpsideDown UIInterfaceOrientationLandscapeLeft UIInterfaceOrientationLandscapeRight";
				INFOPLIST_KEY_UISupportedInterfaceOrientations_iPhone = "UIInterfaceOrientationPortrait UIInterfaceOrientationLandscapeLeft UIInterfaceOrientationLandscapeRight";
				LD_RUNPATH_SEARCH_PATHS = (
					"$(inherited)",
					"@executable_path/Frameworks",
				);
				MARKETING_VERSION = 1.0;
				PRODUCT_BUNDLE_IDENTIFIER = com.jules.Financer;
				PRODUCT_NAME = "$(TARGET_NAME)";
				SWIFT_EMIT_LOC_STRINGS = YES;
				SWIFT_VERSION = 5.0;
				TARGETED_DEVICE_FAMILY = "1,2";
			};
			name = Release;
		};
		3F0C5D8E294DE8B6001C18B7 /* Debug */ = {
			isa = XCBuildConfiguration;
			buildSettings = {
				ALWAYS_EMBED_SWIFT_STANDARD_LIBRARIES = YES;
				BUNDLE_LOADER = "$(TEST_HOST)";
				CODE_SIGN_STYLE = Automatic;
				CURRENT_PROJECT_VERSION = 1;
				DEVELOPMENT_TEAM = Q87UDX5898;
				GENERATE_INFOPLIST_FILE = YES;
				IPHONEOS_DEPLOYMENT_TARGET = 16.2;
				MARKETING_VERSION = 1.0;
				PRODUCT_BUNDLE_IDENTIFIER = com.jules.FinancerTests;
				PRODUCT_NAME = "$(TARGET_NAME)";
				SWIFT_EMIT_LOC_STRINGS = NO;
				SWIFT_VERSION = 5.0;
				TARGETED_DEVICE_FAMILY = "1,2";
				TEST_HOST = "$(BUILT_PRODUCTS_DIR)/Financer.app/$(BUNDLE_EXECUTABLE_FOLDER_PATH)/Financer";
			};
			name = Debug;
		};
		3F0C5D8F294DE8B6001C18B7 /* Release */ = {
			isa = XCBuildConfiguration;
			buildSettings = {
				ALWAYS_EMBED_SWIFT_STANDARD_LIBRARIES = YES;
				BUNDLE_LOADER = "$(TEST_HOST)";
				CODE_SIGN_STYLE = Automatic;
				CURRENT_PROJECT_VERSION = 1;
				DEVELOPMENT_TEAM = Q87UDX5898;
				GENERATE_INFOPLIST_FILE = YES;
				IPHONEOS_DEPLOYMENT_TARGET = 16.2;
				MARKETING_VERSION = 1.0;
				PRODUCT_BUNDLE_IDENTIFIER = com.jules.FinancerTests;
				PRODUCT_NAME = "$(TARGET_NAME)";
				SWIFT_EMIT_LOC_STRINGS = NO;
				SWIFT_VERSION = 5.0;
				TARGETED_DEVICE_FAMILY = "1,2";
				TEST_HOST = "$(BUILT_PRODUCTS_DIR)/Financer.app/$(BUNDLE_EXECUTABLE_FOLDER_PATH)/Financer";
			};
			name = Release;
		};
		3F0C5D91294DE8B6001C18B7 /* Debug */ = {
			isa = XCBuildConfiguration;
			buildSettings = {
				ALWAYS_EMBED_SWIFT_STANDARD_LIBRARIES = YES;
				CODE_SIGN_STYLE = Automatic;
				CURRENT_PROJECT_VERSION = 1;
				DEVELOPMENT_TEAM = Q87UDX5898;
				GENERATE_INFOPLIST_FILE = YES;
				MARKETING_VERSION = 1.0;
				PRODUCT_BUNDLE_IDENTIFIER = com.jules.FinancerUITests;
				PRODUCT_NAME = "$(TARGET_NAME)";
				SWIFT_EMIT_LOC_STRINGS = NO;
				SWIFT_VERSION = 5.0;
				TARGETED_DEVICE_FAMILY = "1,2";
				TEST_TARGET_NAME = Financer;
			};
			name = Debug;
		};
		3F0C5D92294DE8B6001C18B7 /* Release */ = {
			isa = XCBuildConfiguration;
			buildSettings = {
				ALWAYS_EMBED_SWIFT_STANDARD_LIBRARIES = YES;
				CODE_SIGN_STYLE = Automatic;
				CURRENT_PROJECT_VERSION = 1;
				DEVELOPMENT_TEAM = Q87UDX5898;
				GENERATE_INFOPLIST_FILE = YES;
				MARKETING_VERSION = 1.0;
				PRODUCT_BUNDLE_IDENTIFIER = com.jules.FinancerUITests;
				PRODUCT_NAME = "$(TARGET_NAME)";
				SWIFT_EMIT_LOC_STRINGS = NO;
				SWIFT_VERSION = 5.0;
				TARGETED_DEVICE_FAMILY = "1,2";
				TEST_TARGET_NAME = Financer;
			};
			name = Release;
		};
/* End XCBuildConfiguration section */

/* Begin XCConfigurationList section */
		3F0C5D5B294DE8B5001C18B7 /* Build configuration list for PBXProject "Financer" */ = {
			isa = XCConfigurationList;
			buildConfigurations = (
				3F0C5D88294DE8B6001C18B7 /* Debug */,
				3F0C5D89294DE8B6001C18B7 /* Release */,
			);
			defaultConfigurationIsVisible = 0;
			defaultConfigurationName = Release;
		};
		3F0C5D8A294DE8B6001C18B7 /* Build configuration list for PBXNativeTarget "Financer" */ = {
			isa = XCConfigurationList;
			buildConfigurations = (
				3F0C5D8B294DE8B6001C18B7 /* Debug */,
				3F0C5D8C294DE8B6001C18B7 /* Release */,
			);
			defaultConfigurationIsVisible = 0;
			defaultConfigurationName = Release;
		};
		3F0C5D8D294DE8B6001C18B7 /* Build configuration list for PBXNativeTarget "FinancerTests" */ = {
			isa = XCConfigurationList;
			buildConfigurations = (
				3F0C5D8E294DE8B6001C18B7 /* Debug */,
				3F0C5D8F294DE8B6001C18B7 /* Release */,
			);
			defaultConfigurationIsVisible = 0;
			defaultConfigurationName = Release;
		};
		3F0C5D90294DE8B6001C18B7 /* Build configuration list for PBXNativeTarget "FinancerUITests" */ = {
			isa = XCConfigurationList;
			buildConfigurations = (
				3F0C5D91294DE8B6001C18B7 /* Debug */,
				3F0C5D92294DE8B6001C18B7 /* Release */,
			);
			defaultConfigurationIsVisible = 0;
			defaultConfigurationName = Release;
		};
/* End XCConfigurationList section */

/* Begin XCVersionGroup section */
		3F0C5D6E294DE8B6001C18B7 /* Financer.xcdatamodeld */ = {
			isa = XCVersionGroup;
			children = (
				3F0C5D6F294DE8B6001C18B7 /* Financer.xcdatamodel */,
			);
			currentVersion = 3F0C5D6F294DE8B6001C18B7 /* Financer.xcdatamodel */;
			path = Financer.xcdatamodeld;
			sourceTree = "<group>";
			versionGroupType = wrapper.xcdatamodel;
		};
/* End XCVersionGroup section */
	};
	rootObject = 3F0C5D58294DE8B5001C18B7 /* Project object */;
}
