// !$*UTF8*$!
{
	archiveVersion = 1;
	classes = {
	};
	objectVersion = 56;
	objects = {

/* Begin PBXBuildFile section */
		3FC79A182954343000808FF2 /* FinanceDetails.swift in Sources */ = {isa = PBXBuildFile; fileRef = 3FC79A172954343000808FF2 /* FinanceDetails.swift */; };
		3FCD271B2952E3CA00ECD3C2 /* FinancerApp.swift in Sources */ = {isa = PBXBuildFile; fileRef = 3FCD271A2952E3CA00ECD3C2 /* FinancerApp.swift */; };
		3FCD271D2952E3CA00ECD3C2 /* ContentView.swift in Sources */ = {isa = PBXBuildFile; fileRef = 3FCD271C2952E3CA00ECD3C2 /* ContentView.swift */; };
		3FCD271F2952E3CB00ECD3C2 /* Assets.xcassets in Resources */ = {isa = PBXBuildFile; fileRef = 3FCD271E2952E3CB00ECD3C2 /* Assets.xcassets */; };
		3FCD27222952E3CB00ECD3C2 /* Preview Assets.xcassets in Resources */ = {isa = PBXBuildFile; fileRef = 3FCD27212952E3CB00ECD3C2 /* Preview Assets.xcassets */; };
		3FCD27242952E3CB00ECD3C2 /* Persistence.swift in Sources */ = {isa = PBXBuildFile; fileRef = 3FCD27232952E3CB00ECD3C2 /* Persistence.swift */; };
		3FCD27272952E3CB00ECD3C2 /* Financer.xcdatamodeld in Sources */ = {isa = PBXBuildFile; fileRef = 3FCD27252952E3CB00ECD3C2 /* Financer.xcdatamodeld */; };
		3FCD27322952E3CB00ECD3C2 /* FinancerTests.swift in Sources */ = {isa = PBXBuildFile; fileRef = 3FCD27312952E3CB00ECD3C2 /* FinancerTests.swift */; };
		3FCD273C2952E3CB00ECD3C2 /* FinancerUITests.swift in Sources */ = {isa = PBXBuildFile; fileRef = 3FCD273B2952E3CB00ECD3C2 /* FinancerUITests.swift */; };
		3FCD273E2952E3CB00ECD3C2 /* FinancerUITestsLaunchTests.swift in Sources */ = {isa = PBXBuildFile; fileRef = 3FCD273D2952E3CB00ECD3C2 /* FinancerUITestsLaunchTests.swift */; };
		845F16FA29562D64009728F5 /* AddFinance.swift in Sources */ = {isa = PBXBuildFile; fileRef = 845F16F929562D64009728F5 /* AddFinance.swift */; };
		845F16FF2956D1E2009728F5 /* LegalPersonPicker.swift in Sources */ = {isa = PBXBuildFile; fileRef = 845F16FE2956D1E2009728F5 /* LegalPersonPicker.swift */; };
/* End PBXBuildFile section */

/* Begin PBXContainerItemProxy section */
		3FCD272E2952E3CB00ECD3C2 /* PBXContainerItemProxy */ = {
			isa = PBXContainerItemProxy;
			containerPortal = 3FCD270F2952E3CA00ECD3C2 /* Project object */;
			proxyType = 1;
			remoteGlobalIDString = 3FCD27162952E3CA00ECD3C2;
			remoteInfo = Financer;
		};
		3FCD27382952E3CB00ECD3C2 /* PBXContainerItemProxy */ = {
			isa = PBXContainerItemProxy;
			containerPortal = 3FCD270F2952E3CA00ECD3C2 /* Project object */;
			proxyType = 1;
			remoteGlobalIDString = 3FCD27162952E3CA00ECD3C2;
			remoteInfo = Financer;
		};
/* End PBXContainerItemProxy section */

/* Begin PBXFileReference section */
		3FA8F3D12954690000210F31 /* Info.plist */ = {isa = PBXFileReference; lastKnownFileType = text.plist; path = Info.plist; sourceTree = "<group>"; };
		3FC79A172954343000808FF2 /* FinanceDetails.swift */ = {isa = PBXFileReference; lastKnownFileType = sourcecode.swift; path = FinanceDetails.swift; sourceTree = "<group>"; };
		3FCD27172952E3CA00ECD3C2 /* Financer.app */ = {isa = PBXFileReference; explicitFileType = wrapper.application; includeInIndex = 0; path = Financer.app; sourceTree = BUILT_PRODUCTS_DIR; };
		3FCD271A2952E3CA00ECD3C2 /* FinancerApp.swift */ = {isa = PBXFileReference; lastKnownFileType = sourcecode.swift; path = FinancerApp.swift; sourceTree = "<group>"; };
		3FCD271C2952E3CA00ECD3C2 /* ContentView.swift */ = {isa = PBXFileReference; lastKnownFileType = sourcecode.swift; path = ContentView.swift; sourceTree = "<group>"; };
		3FCD271E2952E3CB00ECD3C2 /* Assets.xcassets */ = {isa = PBXFileReference; lastKnownFileType = folder.assetcatalog; path = Assets.xcassets; sourceTree = "<group>"; };
		3FCD27212952E3CB00ECD3C2 /* Preview Assets.xcassets */ = {isa = PBXFileReference; lastKnownFileType = folder.assetcatalog; path = "Preview Assets.xcassets"; sourceTree = "<group>"; };
		3FCD27232952E3CB00ECD3C2 /* Persistence.swift */ = {isa = PBXFileReference; lastKnownFileType = sourcecode.swift; path = Persistence.swift; sourceTree = "<group>"; };
		3FCD27262952E3CB00ECD3C2 /* Financer.xcdatamodel */ = {isa = PBXFileReference; lastKnownFileType = wrapper.xcdatamodel; path = Financer.xcdatamodel; sourceTree = "<group>"; };
		3FCD272D2952E3CB00ECD3C2 /* FinancerTests.xctest */ = {isa = PBXFileReference; explicitFileType = wrapper.cfbundle; includeInIndex = 0; path = FinancerTests.xctest; sourceTree = BUILT_PRODUCTS_DIR; };
		3FCD27312952E3CB00ECD3C2 /* FinancerTests.swift */ = {isa = PBXFileReference; lastKnownFileType = sourcecode.swift; path = FinancerTests.swift; sourceTree = "<group>"; };
		3FCD27372952E3CB00ECD3C2 /* FinancerUITests.xctest */ = {isa = PBXFileReference; explicitFileType = wrapper.cfbundle; includeInIndex = 0; path = FinancerUITests.xctest; sourceTree = BUILT_PRODUCTS_DIR; };
		3FCD273B2952E3CB00ECD3C2 /* FinancerUITests.swift */ = {isa = PBXFileReference; lastKnownFileType = sourcecode.swift; path = FinancerUITests.swift; sourceTree = "<group>"; };
		3FCD273D2952E3CB00ECD3C2 /* FinancerUITestsLaunchTests.swift */ = {isa = PBXFileReference; lastKnownFileType = sourcecode.swift; path = FinancerUITestsLaunchTests.swift; sourceTree = "<group>"; };
		845F16F929562D64009728F5 /* AddFinance.swift */ = {isa = PBXFileReference; lastKnownFileType = sourcecode.swift; path = AddFinance.swift; sourceTree = "<group>"; };
		845F16FE2956D1E2009728F5 /* LegalPersonPicker.swift */ = {isa = PBXFileReference; lastKnownFileType = sourcecode.swift; path = LegalPersonPicker.swift; sourceTree = "<group>"; };
/* End PBXFileReference section */

/* Begin PBXFrameworksBuildPhase section */
		3FCD27142952E3CA00ECD3C2 /* Frameworks */ = {
			isa = PBXFrameworksBuildPhase;
			buildActionMask = 2147483647;
			files = (
			);
			runOnlyForDeploymentPostprocessing = 0;
		};
		3FCD272A2952E3CB00ECD3C2 /* Frameworks */ = {
			isa = PBXFrameworksBuildPhase;
			buildActionMask = 2147483647;
			files = (
			);
			runOnlyForDeploymentPostprocessing = 0;
		};
		3FCD27342952E3CB00ECD3C2 /* Frameworks */ = {
			isa = PBXFrameworksBuildPhase;
			buildActionMask = 2147483647;
			files = (
			);
			runOnlyForDeploymentPostprocessing = 0;
		};
/* End PBXFrameworksBuildPhase section */

/* Begin PBXGroup section */
		3FA8F3D229546AD600210F31 /* Storage */ = {
			isa = PBXGroup;
			children = (
				3FCD27232952E3CB00ECD3C2 /* Persistence.swift */,
			);
			path = Storage;
			sourceTree = "<group>";
		};
		3FC79A39295434F100808FF2 /* Generated */ = {
			isa = PBXGroup;
			children = (
			);
			path = Generated;
			sourceTree = "<group>";
		};
		3FCD270E2952E3CA00ECD3C2 = {
			isa = PBXGroup;
			children = (
				3FCD27192952E3CA00ECD3C2 /* Financer */,
				3FCD27302952E3CB00ECD3C2 /* FinancerTests */,
				3FCD273A2952E3CB00ECD3C2 /* FinancerUITests */,
				3FCD27182952E3CA00ECD3C2 /* Products */,
			);
			sourceTree = "<group>";
		};
		3FCD27182952E3CA00ECD3C2 /* Products */ = {
			isa = PBXGroup;
			children = (
				3FCD27172952E3CA00ECD3C2 /* Financer.app */,
				3FCD272D2952E3CB00ECD3C2 /* FinancerTests.xctest */,
				3FCD27372952E3CB00ECD3C2 /* FinancerUITests.xctest */,
			);
			name = Products;
			sourceTree = "<group>";
		};
		3FCD27192952E3CA00ECD3C2 /* Financer */ = {
			isa = PBXGroup;
			children = (
				3FCD271A2952E3CA00ECD3C2 /* FinancerApp.swift */,
				3FCD274B2952EC4A00ECD3C2 /* Models */,
				3FCD274A2952EC4200ECD3C2 /* Views */,
				3FA8F3D229546AD600210F31 /* Storage */,
				3FA8F3D12954690000210F31 /* Info.plist */,
				3FCD271E2952E3CB00ECD3C2 /* Assets.xcassets */,
				3FCD27202952E3CB00ECD3C2 /* Preview Content */,
			);
			path = Financer;
			sourceTree = "<group>";
		};
		3FCD27202952E3CB00ECD3C2 /* Preview Content */ = {
			isa = PBXGroup;
			children = (
				3FCD27212952E3CB00ECD3C2 /* Preview Assets.xcassets */,
			);
			path = "Preview Content";
			sourceTree = "<group>";
		};
		3FCD27302952E3CB00ECD3C2 /* FinancerTests */ = {
			isa = PBXGroup;
			children = (
				3FCD27312952E3CB00ECD3C2 /* FinancerTests.swift */,
			);
			path = FinancerTests;
			sourceTree = "<group>";
		};
		3FCD273A2952E3CB00ECD3C2 /* FinancerUITests */ = {
			isa = PBXGroup;
			children = (
				3FCD273B2952E3CB00ECD3C2 /* FinancerUITests.swift */,
				3FCD273D2952E3CB00ECD3C2 /* FinancerUITestsLaunchTests.swift */,
			);
			path = FinancerUITests;
			sourceTree = "<group>";
		};
		3FCD274A2952EC4200ECD3C2 /* Views */ = {
			isa = PBXGroup;
			children = (
				845F16FD2956D1B6009728F5 /* LegalPerson */,
				845F16FB2956D1A5009728F5 /* Finance */,
				3FCD271C2952E3CA00ECD3C2 /* ContentView.swift */,
			);
			path = Views;
			sourceTree = "<group>";
		};
		3FCD274B2952EC4A00ECD3C2 /* Models */ = {
			isa = PBXGroup;
			children = (
				3FC79A39295434F100808FF2 /* Generated */,
				3FCD27252952E3CB00ECD3C2 /* Financer.xcdatamodeld */,
			);
			path = Models;
			sourceTree = "<group>";
		};
		845F16FB2956D1A5009728F5 /* Finance */ = {
			isa = PBXGroup;
			children = (
				3FC79A172954343000808FF2 /* FinanceDetails.swift */,
				845F16F929562D64009728F5 /* AddFinance.swift */,
			);
			path = Finance;
			sourceTree = "<group>";
		};
		845F16FD2956D1B6009728F5 /* LegalPerson */ = {
			isa = PBXGroup;
			children = (
				845F16FE2956D1E2009728F5 /* LegalPersonPicker.swift */,
			);
			path = LegalPerson;
			sourceTree = "<group>";
		};
/* End PBXGroup section */

/* Begin PBXNativeTarget section */
		3FCD27162952E3CA00ECD3C2 /* Financer */ = {
			isa = PBXNativeTarget;
			buildConfigurationList = 3FCD27412952E3CB00ECD3C2 /* Build configuration list for PBXNativeTarget "Financer" */;
			buildPhases = (
				3FCD27132952E3CA00ECD3C2 /* Sources */,
				3FCD27142952E3CA00ECD3C2 /* Frameworks */,
				3FCD27152952E3CA00ECD3C2 /* Resources */,
			);
			buildRules = (
			);
			dependencies = (
			);
			name = Financer;
			productName = Financer;
			productReference = 3FCD27172952E3CA00ECD3C2 /* Financer.app */;
			productType = "com.apple.product-type.application";
		};
		3FCD272C2952E3CB00ECD3C2 /* FinancerTests */ = {
			isa = PBXNativeTarget;
			buildConfigurationList = 3FCD27442952E3CB00ECD3C2 /* Build configuration list for PBXNativeTarget "FinancerTests" */;
			buildPhases = (
				3FCD27292952E3CB00ECD3C2 /* Sources */,
				3FCD272A2952E3CB00ECD3C2 /* Frameworks */,
				3FCD272B2952E3CB00ECD3C2 /* Resources */,
			);
			buildRules = (
			);
			dependencies = (
				3FCD272F2952E3CB00ECD3C2 /* PBXTargetDependency */,
			);
			name = FinancerTests;
			productName = FinancerTests;
			productReference = 3FCD272D2952E3CB00ECD3C2 /* FinancerTests.xctest */;
			productType = "com.apple.product-type.bundle.unit-test";
		};
		3FCD27362952E3CB00ECD3C2 /* FinancerUITests */ = {
			isa = PBXNativeTarget;
			buildConfigurationList = 3FCD27472952E3CB00ECD3C2 /* Build configuration list for PBXNativeTarget "FinancerUITests" */;
			buildPhases = (
				3FCD27332952E3CB00ECD3C2 /* Sources */,
				3FCD27342952E3CB00ECD3C2 /* Frameworks */,
				3FCD27352952E3CB00ECD3C2 /* Resources */,
			);
			buildRules = (
			);
			dependencies = (
				3FCD27392952E3CB00ECD3C2 /* PBXTargetDependency */,
			);
			name = FinancerUITests;
			productName = FinancerUITests;
			productReference = 3FCD27372952E3CB00ECD3C2 /* FinancerUITests.xctest */;
			productType = "com.apple.product-type.bundle.ui-testing";
		};
/* End PBXNativeTarget section */

/* Begin PBXProject section */
		3FCD270F2952E3CA00ECD3C2 /* Project object */ = {
			isa = PBXProject;
			attributes = {
				BuildIndependentTargetsInParallel = 1;
				LastSwiftUpdateCheck = 1420;
				LastUpgradeCheck = 1420;
				TargetAttributes = {
					3FCD27162952E3CA00ECD3C2 = {
						CreatedOnToolsVersion = 14.2;
					};
					3FCD272C2952E3CB00ECD3C2 = {
						CreatedOnToolsVersion = 14.2;
						TestTargetID = 3FCD27162952E3CA00ECD3C2;
					};
					3FCD27362952E3CB00ECD3C2 = {
						CreatedOnToolsVersion = 14.2;
						TestTargetID = 3FCD27162952E3CA00ECD3C2;
					};
				};
			};
			buildConfigurationList = 3FCD27122952E3CA00ECD3C2 /* Build configuration list for PBXProject "Financer" */;
			compatibilityVersion = "Xcode 14.0";
			developmentRegion = en;
			hasScannedForEncodings = 0;
			knownRegions = (
				en,
				Base,
			);
			mainGroup = 3FCD270E2952E3CA00ECD3C2;
			productRefGroup = 3FCD27182952E3CA00ECD3C2 /* Products */;
			projectDirPath = "";
			projectRoot = "";
			targets = (
				3FCD27162952E3CA00ECD3C2 /* Financer */,
				3FCD272C2952E3CB00ECD3C2 /* FinancerTests */,
				3FCD27362952E3CB00ECD3C2 /* FinancerUITests */,
			);
		};
/* End PBXProject section */

/* Begin PBXResourcesBuildPhase section */
		3FCD27152952E3CA00ECD3C2 /* Resources */ = {
			isa = PBXResourcesBuildPhase;
			buildActionMask = 2147483647;
			files = (
				3FCD27222952E3CB00ECD3C2 /* Preview Assets.xcassets in Resources */,
				3FCD271F2952E3CB00ECD3C2 /* Assets.xcassets in Resources */,
			);
			runOnlyForDeploymentPostprocessing = 0;
		};
		3FCD272B2952E3CB00ECD3C2 /* Resources */ = {
			isa = PBXResourcesBuildPhase;
			buildActionMask = 2147483647;
			files = (
			);
			runOnlyForDeploymentPostprocessing = 0;
		};
		3FCD27352952E3CB00ECD3C2 /* Resources */ = {
			isa = PBXResourcesBuildPhase;
			buildActionMask = 2147483647;
			files = (
			);
			runOnlyForDeploymentPostprocessing = 0;
		};
/* End PBXResourcesBuildPhase section */

/* Begin PBXSourcesBuildPhase section */
		3FCD27132952E3CA00ECD3C2 /* Sources */ = {
			isa = PBXSourcesBuildPhase;
			buildActionMask = 2147483647;
			files = (
				845F16FA29562D64009728F5 /* AddFinance.swift in Sources */,
				3FCD27242952E3CB00ECD3C2 /* Persistence.swift in Sources */,
				3FC79A182954343000808FF2 /* FinanceDetails.swift in Sources */,
				3FCD271D2952E3CA00ECD3C2 /* ContentView.swift in Sources */,
				3FCD271B2952E3CA00ECD3C2 /* FinancerApp.swift in Sources */,
				3FCD27272952E3CB00ECD3C2 /* Financer.xcdatamodeld in Sources */,
				845F16FF2956D1E2009728F5 /* LegalPersonPicker.swift in Sources */,
			);
			runOnlyForDeploymentPostprocessing = 0;
		};
		3FCD27292952E3CB00ECD3C2 /* Sources */ = {
			isa = PBXSourcesBuildPhase;
			buildActionMask = 2147483647;
			files = (
				3FCD27322952E3CB00ECD3C2 /* FinancerTests.swift in Sources */,
			);
			runOnlyForDeploymentPostprocessing = 0;
		};
		3FCD27332952E3CB00ECD3C2 /* Sources */ = {
			isa = PBXSourcesBuildPhase;
			buildActionMask = 2147483647;
			files = (
				3FCD273E2952E3CB00ECD3C2 /* FinancerUITestsLaunchTests.swift in Sources */,
				3FCD273C2952E3CB00ECD3C2 /* FinancerUITests.swift in Sources */,
			);
			runOnlyForDeploymentPostprocessing = 0;
		};
/* End PBXSourcesBuildPhase section */

/* Begin PBXTargetDependency section */
		3FCD272F2952E3CB00ECD3C2 /* PBXTargetDependency */ = {
			isa = PBXTargetDependency;
			target = 3FCD27162952E3CA00ECD3C2 /* Financer */;
			targetProxy = 3FCD272E2952E3CB00ECD3C2 /* PBXContainerItemProxy */;
		};
		3FCD27392952E3CB00ECD3C2 /* PBXTargetDependency */ = {
			isa = PBXTargetDependency;
			target = 3FCD27162952E3CA00ECD3C2 /* Financer */;
			targetProxy = 3FCD27382952E3CB00ECD3C2 /* PBXContainerItemProxy */;
		};
/* End PBXTargetDependency section */

/* Begin XCBuildConfiguration section */
		3FCD273F2952E3CB00ECD3C2 /* Debug */ = {
			isa = XCBuildConfiguration;
			buildSettings = {
				ALWAYS_SEARCH_USER_PATHS = NO;
				CLANG_ANALYZER_NONNULL = YES;
				CLANG_ANALYZER_NUMBER_OBJECT_CONVERSION = YES_AGGRESSIVE;
				CLANG_CXX_LANGUAGE_STANDARD = "gnu++20";
				CLANG_ENABLE_MODULES = YES;
				CLANG_ENABLE_OBJC_ARC = YES;
				CLANG_ENABLE_OBJC_WEAK = YES;
				CLANG_WARN_BLOCK_CAPTURE_AUTORELEASING = YES;
				CLANG_WARN_BOOL_CONVERSION = YES;
				CLANG_WARN_COMMA = YES;
				CLANG_WARN_CONSTANT_CONVERSION = YES;
				CLANG_WARN_DEPRECATED_OBJC_IMPLEMENTATIONS = YES;
				CLANG_WARN_DIRECT_OBJC_ISA_USAGE = YES_ERROR;
				CLANG_WARN_DOCUMENTATION_COMMENTS = YES;
				CLANG_WARN_EMPTY_BODY = YES;
				CLANG_WARN_ENUM_CONVERSION = YES;
				CLANG_WARN_INFINITE_RECURSION = YES;
				CLANG_WARN_INT_CONVERSION = YES;
				CLANG_WARN_NON_LITERAL_NULL_CONVERSION = YES;
				CLANG_WARN_OBJC_IMPLICIT_RETAIN_SELF = YES;
				CLANG_WARN_OBJC_LITERAL_CONVERSION = YES;
				CLANG_WARN_OBJC_ROOT_CLASS = YES_ERROR;
				CLANG_WARN_QUOTED_INCLUDE_IN_FRAMEWORK_HEADER = YES;
				CLANG_WARN_RANGE_LOOP_ANALYSIS = YES;
				CLANG_WARN_STRICT_PROTOTYPES = YES;
				CLANG_WARN_SUSPICIOUS_MOVE = YES;
				CLANG_WARN_UNGUARDED_AVAILABILITY = YES_AGGRESSIVE;
				CLANG_WARN_UNREACHABLE_CODE = YES;
				CLANG_WARN__DUPLICATE_METHOD_MATCH = YES;
				COPY_PHASE_STRIP = NO;
				DEBUG_INFORMATION_FORMAT = dwarf;
				ENABLE_STRICT_OBJC_MSGSEND = YES;
				ENABLE_TESTABILITY = YES;
				GCC_C_LANGUAGE_STANDARD = gnu11;
				GCC_DYNAMIC_NO_PIC = NO;
				GCC_NO_COMMON_BLOCKS = YES;
				GCC_OPTIMIZATION_LEVEL = 0;
				GCC_PREPROCESSOR_DEFINITIONS = (
					"DEBUG=1",
					"$(inherited)",
				);
				GCC_WARN_64_TO_32_BIT_CONVERSION = YES;
				GCC_WARN_ABOUT_RETURN_TYPE = YES_ERROR;
				GCC_WARN_UNDECLARED_SELECTOR = YES;
				GCC_WARN_UNINITIALIZED_AUTOS = YES_AGGRESSIVE;
				GCC_WARN_UNUSED_FUNCTION = YES;
				GCC_WARN_UNUSED_VARIABLE = YES;
				IPHONEOS_DEPLOYMENT_TARGET = 16.2;
				MTL_ENABLE_DEBUG_INFO = INCLUDE_SOURCE;
				MTL_FAST_MATH = YES;
				ONLY_ACTIVE_ARCH = YES;
				SDKROOT = iphoneos;
				SWIFT_ACTIVE_COMPILATION_CONDITIONS = DEBUG;
				SWIFT_OPTIMIZATION_LEVEL = "-Onone";
			};
			name = Debug;
		};
		3FCD27402952E3CB00ECD3C2 /* Release */ = {
			isa = XCBuildConfiguration;
			buildSettings = {
				ALWAYS_SEARCH_USER_PATHS = NO;
				CLANG_ANALYZER_NONNULL = YES;
				CLANG_ANALYZER_NUMBER_OBJECT_CONVERSION = YES_AGGRESSIVE;
				CLANG_CXX_LANGUAGE_STANDARD = "gnu++20";
				CLANG_ENABLE_MODULES = YES;
				CLANG_ENABLE_OBJC_ARC = YES;
				CLANG_ENABLE_OBJC_WEAK = YES;
				CLANG_WARN_BLOCK_CAPTURE_AUTORELEASING = YES;
				CLANG_WARN_BOOL_CONVERSION = YES;
				CLANG_WARN_COMMA = YES;
				CLANG_WARN_CONSTANT_CONVERSION = YES;
				CLANG_WARN_DEPRECATED_OBJC_IMPLEMENTATIONS = YES;
				CLANG_WARN_DIRECT_OBJC_ISA_USAGE = YES_ERROR;
				CLANG_WARN_DOCUMENTATION_COMMENTS = YES;
				CLANG_WARN_EMPTY_BODY = YES;
				CLANG_WARN_ENUM_CONVERSION = YES;
				CLANG_WARN_INFINITE_RECURSION = YES;
				CLANG_WARN_INT_CONVERSION = YES;
				CLANG_WARN_NON_LITERAL_NULL_CONVERSION = YES;
				CLANG_WARN_OBJC_IMPLICIT_RETAIN_SELF = YES;
				CLANG_WARN_OBJC_LITERAL_CONVERSION = YES;
				CLANG_WARN_OBJC_ROOT_CLASS = YES_ERROR;
				CLANG_WARN_QUOTED_INCLUDE_IN_FRAMEWORK_HEADER = YES;
				CLANG_WARN_RANGE_LOOP_ANALYSIS = YES;
				CLANG_WARN_STRICT_PROTOTYPES = YES;
				CLANG_WARN_SUSPICIOUS_MOVE = YES;
				CLANG_WARN_UNGUARDED_AVAILABILITY = YES_AGGRESSIVE;
				CLANG_WARN_UNREACHABLE_CODE = YES;
				CLANG_WARN__DUPLICATE_METHOD_MATCH = YES;
				COPY_PHASE_STRIP = NO;
				DEBUG_INFORMATION_FORMAT = "dwarf-with-dsym";
				ENABLE_NS_ASSERTIONS = NO;
				ENABLE_STRICT_OBJC_MSGSEND = YES;
				GCC_C_LANGUAGE_STANDARD = gnu11;
				GCC_NO_COMMON_BLOCKS = YES;
				GCC_WARN_64_TO_32_BIT_CONVERSION = YES;
				GCC_WARN_ABOUT_RETURN_TYPE = YES_ERROR;
				GCC_WARN_UNDECLARED_SELECTOR = YES;
				GCC_WARN_UNINITIALIZED_AUTOS = YES_AGGRESSIVE;
				GCC_WARN_UNUSED_FUNCTION = YES;
				GCC_WARN_UNUSED_VARIABLE = YES;
				IPHONEOS_DEPLOYMENT_TARGET = 16.2;
				MTL_ENABLE_DEBUG_INFO = NO;
				MTL_FAST_MATH = YES;
				SDKROOT = iphoneos;
				SWIFT_COMPILATION_MODE = wholemodule;
				SWIFT_OPTIMIZATION_LEVEL = "-O";
				VALIDATE_PRODUCT = YES;
			};
			name = Release;
		};
		3FCD27422952E3CB00ECD3C2 /* Debug */ = {
			isa = XCBuildConfiguration;
			buildSettings = {
				ASSETCATALOG_COMPILER_APPICON_NAME = AppIcon;
				ASSETCATALOG_COMPILER_GLOBAL_ACCENT_COLOR_NAME = AccentColor;
				CODE_SIGN_STYLE = Automatic;
				CURRENT_PROJECT_VERSION = 1;
				DEVELOPMENT_ASSET_PATHS = "\"Financer/Preview Content\"";
				DEVELOPMENT_TEAM = Q87UDX5898;
				ENABLE_PREVIEWS = YES;
				GENERATE_INFOPLIST_FILE = YES;
				INFOPLIST_FILE = Financer/Info.plist;
				INFOPLIST_KEY_UIApplicationSupportsIndirectInputEvents = YES;
				INFOPLIST_KEY_UILaunchScreen_Generation = YES;
				INFOPLIST_KEY_UISupportedInterfaceOrientations_iPad = "UIInterfaceOrientationPortrait UIInterfaceOrientationPortraitUpsideDown UIInterfaceOrientationLandscapeLeft UIInterfaceOrientationLandscapeRight";
				INFOPLIST_KEY_UISupportedInterfaceOrientations_iPhone = "UIInterfaceOrientationPortrait UIInterfaceOrientationLandscapeLeft UIInterfaceOrientationLandscapeRight";
				LD_RUNPATH_SEARCH_PATHS = (
					"$(inherited)",
					"@executable_path/Frameworks",
				);
				MARKETING_VERSION = 1.0;
				PRODUCT_BUNDLE_IDENTIFIER = com.jules.Financer;
				PRODUCT_NAME = "$(TARGET_NAME)";
				SWIFT_EMIT_LOC_STRINGS = YES;
				SWIFT_VERSION = 5.0;
				TARGETED_DEVICE_FAMILY = "1,2";
			};
			name = Debug;
		};
		3FCD27432952E3CB00ECD3C2 /* Release */ = {
			isa = XCBuildConfiguration;
			buildSettings = {
				ASSETCATALOG_COMPILER_APPICON_NAME = AppIcon;
				ASSETCATALOG_COMPILER_GLOBAL_ACCENT_COLOR_NAME = AccentColor;
				CODE_SIGN_STYLE = Automatic;
				CURRENT_PROJECT_VERSION = 1;
				DEVELOPMENT_ASSET_PATHS = "\"Financer/Preview Content\"";
				DEVELOPMENT_TEAM = Q87UDX5898;
				ENABLE_PREVIEWS = YES;
				GENERATE_INFOPLIST_FILE = YES;
				INFOPLIST_FILE = Financer/Info.plist;
				INFOPLIST_KEY_UIApplicationSupportsIndirectInputEvents = YES;
				INFOPLIST_KEY_UILaunchScreen_Generation = YES;
				INFOPLIST_KEY_UISupportedInterfaceOrientations_iPad = "UIInterfaceOrientationPortrait UIInterfaceOrientationPortraitUpsideDown UIInterfaceOrientationLandscapeLeft UIInterfaceOrientationLandscapeRight";
				INFOPLIST_KEY_UISupportedInterfaceOrientations_iPhone = "UIInterfaceOrientationPortrait UIInterfaceOrientationLandscapeLeft UIInterfaceOrientationLandscapeRight";
				LD_RUNPATH_SEARCH_PATHS = (
					"$(inherited)",
					"@executable_path/Frameworks",
				);
				MARKETING_VERSION = 1.0;
				PRODUCT_BUNDLE_IDENTIFIER = com.jules.Financer;
				PRODUCT_NAME = "$(TARGET_NAME)";
				SWIFT_EMIT_LOC_STRINGS = YES;
				SWIFT_VERSION = 5.0;
				TARGETED_DEVICE_FAMILY = "1,2";
			};
			name = Release;
		};
		3FCD27452952E3CB00ECD3C2 /* Debug */ = {
			isa = XCBuildConfiguration;
			buildSettings = {
				ALWAYS_EMBED_SWIFT_STANDARD_LIBRARIES = YES;
				BUNDLE_LOADER = "$(TEST_HOST)";
				CODE_SIGN_STYLE = Automatic;
				CURRENT_PROJECT_VERSION = 1;
				DEVELOPMENT_TEAM = Q87UDX5898;
				GENERATE_INFOPLIST_FILE = YES;
				IPHONEOS_DEPLOYMENT_TARGET = 16.2;
				MARKETING_VERSION = 1.0;
				PRODUCT_BUNDLE_IDENTIFIER = com.jules.FinancerTests;
				PRODUCT_NAME = "$(TARGET_NAME)";
				SWIFT_EMIT_LOC_STRINGS = NO;
				SWIFT_VERSION = 5.0;
				TARGETED_DEVICE_FAMILY = "1,2";
				TEST_HOST = "$(BUILT_PRODUCTS_DIR)/Financer.app/$(BUNDLE_EXECUTABLE_FOLDER_PATH)/Financer";
			};
			name = Debug;
		};
		3FCD27462952E3CB00ECD3C2 /* Release */ = {
			isa = XCBuildConfiguration;
			buildSettings = {
				ALWAYS_EMBED_SWIFT_STANDARD_LIBRARIES = YES;
				BUNDLE_LOADER = "$(TEST_HOST)";
				CODE_SIGN_STYLE = Automatic;
				CURRENT_PROJECT_VERSION = 1;
				DEVELOPMENT_TEAM = Q87UDX5898;
				GENERATE_INFOPLIST_FILE = YES;
				IPHONEOS_DEPLOYMENT_TARGET = 16.2;
				MARKETING_VERSION = 1.0;
				PRODUCT_BUNDLE_IDENTIFIER = com.jules.FinancerTests;
				PRODUCT_NAME = "$(TARGET_NAME)";
				SWIFT_EMIT_LOC_STRINGS = NO;
				SWIFT_VERSION = 5.0;
				TARGETED_DEVICE_FAMILY = "1,2";
				TEST_HOST = "$(BUILT_PRODUCTS_DIR)/Financer.app/$(BUNDLE_EXECUTABLE_FOLDER_PATH)/Financer";
			};
			name = Release;
		};
		3FCD27482952E3CB00ECD3C2 /* Debug */ = {
			isa = XCBuildConfiguration;
			buildSettings = {
				ALWAYS_EMBED_SWIFT_STANDARD_LIBRARIES = YES;
				CODE_SIGN_STYLE = Automatic;
				CURRENT_PROJECT_VERSION = 1;
				DEVELOPMENT_TEAM = Q87UDX5898;
				GENERATE_INFOPLIST_FILE = YES;
				MARKETING_VERSION = 1.0;
				PRODUCT_BUNDLE_IDENTIFIER = com.jules.FinancerUITests;
				PRODUCT_NAME = "$(TARGET_NAME)";
				SWIFT_EMIT_LOC_STRINGS = NO;
				SWIFT_VERSION = 5.0;
				TARGETED_DEVICE_FAMILY = "1,2";
				TEST_TARGET_NAME = Financer;
			};
			name = Debug;
		};
		3FCD27492952E3CB00ECD3C2 /* Release */ = {
			isa = XCBuildConfiguration;
			buildSettings = {
				ALWAYS_EMBED_SWIFT_STANDARD_LIBRARIES = YES;
				CODE_SIGN_STYLE = Automatic;
				CURRENT_PROJECT_VERSION = 1;
				DEVELOPMENT_TEAM = Q87UDX5898;
				GENERATE_INFOPLIST_FILE = YES;
				MARKETING_VERSION = 1.0;
				PRODUCT_BUNDLE_IDENTIFIER = com.jules.FinancerUITests;
				PRODUCT_NAME = "$(TARGET_NAME)";
				SWIFT_EMIT_LOC_STRINGS = NO;
				SWIFT_VERSION = 5.0;
				TARGETED_DEVICE_FAMILY = "1,2";
				TEST_TARGET_NAME = Financer;
			};
			name = Release;
		};
/* End XCBuildConfiguration section */

/* Begin XCConfigurationList section */
		3FCD27122952E3CA00ECD3C2 /* Build configuration list for PBXProject "Financer" */ = {
			isa = XCConfigurationList;
			buildConfigurations = (
				3FCD273F2952E3CB00ECD3C2 /* Debug */,
				3FCD27402952E3CB00ECD3C2 /* Release */,
			);
			defaultConfigurationIsVisible = 0;
			defaultConfigurationName = Release;
		};
		3FCD27412952E3CB00ECD3C2 /* Build configuration list for PBXNativeTarget "Financer" */ = {
			isa = XCConfigurationList;
			buildConfigurations = (
				3FCD27422952E3CB00ECD3C2 /* Debug */,
				3FCD27432952E3CB00ECD3C2 /* Release */,
			);
			defaultConfigurationIsVisible = 0;
			defaultConfigurationName = Release;
		};
		3FCD27442952E3CB00ECD3C2 /* Build configuration list for PBXNativeTarget "FinancerTests" */ = {
			isa = XCConfigurationList;
			buildConfigurations = (
				3FCD27452952E3CB00ECD3C2 /* Debug */,
				3FCD27462952E3CB00ECD3C2 /* Release */,
			);
			defaultConfigurationIsVisible = 0;
			defaultConfigurationName = Release;
		};
		3FCD27472952E3CB00ECD3C2 /* Build configuration list for PBXNativeTarget "FinancerUITests" */ = {
			isa = XCConfigurationList;
			buildConfigurations = (
				3FCD27482952E3CB00ECD3C2 /* Debug */,
				3FCD27492952E3CB00ECD3C2 /* Release */,
			);
			defaultConfigurationIsVisible = 0;
			defaultConfigurationName = Release;
		};
/* End XCConfigurationList section */

/* Begin XCVersionGroup section */
		3FCD27252952E3CB00ECD3C2 /* Financer.xcdatamodeld */ = {
			isa = XCVersionGroup;
			children = (
				3FCD27262952E3CB00ECD3C2 /* Financer.xcdatamodel */,
			);
			currentVersion = 3FCD27262952E3CB00ECD3C2 /* Financer.xcdatamodel */;
			path = Financer.xcdatamodeld;
			sourceTree = "<group>";
			versionGroupType = wrapper.xcdatamodel;
		};
/* End XCVersionGroup section */
	};
	rootObject = 3FCD270F2952E3CA00ECD3C2 /* Project object */;
}
